PODS:
  - Alamofire (5.8.1)
  - SwiftEntryKit (2.0.0)
  - SwiftyJSON (4.3.0)

DEPENDENCIES:
  - Alamofire
  - SwiftEntryKit (= 2.0.0)
  - SwiftyJSON (~> 4.0)

SPEC REPOS:
  trunk:
    - Alamofire
    - SwiftEntryKit
    - SwiftyJSON

SPEC CHECKSUMS:
  Alamofire: 3ca42e259043ee0dc5c0cdd76c4bc568b8e42af7
  SwiftEntryKit: 61b5fa36f34a97dd8013e48a7345bc4c4720be9a
  SwiftyJSON: 6faa0040f8b59dead0ee07436cbf76b73c08fd08

PODFILE CHECKSUM: 7a938ee70b0199c0551f21cc0e92daadd4f80682

COCOAPODS: 1.12.1
