PODS:
  - Alamofire (5.7.1)
  - GoogleMaps (8.2.0):
    - GoogleMaps/Maps (= 8.2.0)
  - GoogleMaps/Base (8.2.0)
  - GoogleMaps/Maps (8.2.0):
    - GoogleMaps/Base
  - GooglePlaces (8.2.1)
  - SwiftEntryKit (2.0.0)
  - SwiftyJSON (4.3.0)
  - VNavigator (0.4.0)

DEPENDENCIES:
  - Alamofire
  - GoogleMaps
  - GooglePlaces
  - SwiftEntryKit (= 2.0.0)
  - SwiftyJSON (~> 4.0)
  - VNavigator

SPEC REPOS:
  trunk:
    - Alamofire
    - GoogleMaps
    - GooglePlaces
    - SwiftEntryKit
    - SwiftyJSON
    - VNavigator

SPEC CHECKSUMS:
  Alamofire: 0123a34370cb170936ae79a8df46cc62b2edeb88
  GoogleMaps: 081f2547b60a1c0870a8f49166a653900e5055d5
  GooglePlaces: 867722fe422f5a4cc19c68bc28f9f74a24470e40
  SwiftEntryKit: 61b5fa36f34a97dd8013e48a7345bc4c4720be9a
  SwiftyJSON: 6faa0040f8b59dead0ee07436cbf76b73c08fd08
  VNavigator: ee92f0c92e5a997f4cda8796e910fe6c5488c14f

PODFILE CHECKSUM: dee54923ed061405bf952231d82e97b0eca2fbef

COCOAPODS: 1.12.1
