// !$*UTF8*$!
{
	archiveVersion = 1;
	classes = {
	};
	objectVersion = 56;
	objects = {

/* Begin PBXBuildFile section */
		B1FF7845A820E5CBA9C998A0 /* Pods_Car_Rental_App.framework in Frameworks */ = {isa = PBXBuildFile; fileRef = 672D5B76425892564F9927AD /* Pods_Car_Rental_App.framework */; };
		CB0246372A795125005F9B74 /* CarRentalViewModel.swift in Sources */ = {isa = PBXBuildFile; fileRef = CB0246362A795125005F9B74 /* CarRentalViewModel.swift */; };
		CB02463A2A795168005F9B74 /* CarRentalResponse.swift in Sources */ = {isa = PBXBuildFile; fileRef = CB0246392A795168005F9B74 /* CarRentalResponse.swift */; };
		CB6904BD2A76D894001598AE /* CarRentalScreen.swift in Sources */ = {isa = PBXBuildFile; fileRef = CB6904BC2A76D894001598AE /* CarRentalScreen.swift */; };
		F91807052A5038FC0084F113 /* SignUpViewModel.swift in Sources */ = {isa = PBXBuildFile; fileRef = F91807042A5038FC0084F113 /* SignUpViewModel.swift */; };
		F91807072A5039090084F113 /* SignInViewModel.swift in Sources */ = {isa = PBXBuildFile; fileRef = F91807062A5039090084F113 /* SignInViewModel.swift */; };
		F91807092A5041FF0084F113 /* AuthenticationManager.swift in Sources */ = {isa = PBXBuildFile; fileRef = F91807082A5041FF0084F113 /* AuthenticationManager.swift */; };
		F91B26D42ADBF403000DA91C /* Int+Extension.swift in Sources */ = {isa = PBXBuildFile; fileRef = F91B26D32ADBF403000DA91C /* Int+Extension.swift */; };
		F91E43132A89375500898074 /* CarPreviewView.swift in Sources */ = {isa = PBXBuildFile; fileRef = F91E43122A89375500898074 /* CarPreviewView.swift */; };
		F92843DF2AC57B1200208322 /* TestBottomSheet.swift in Sources */ = {isa = PBXBuildFile; fileRef = F92843DE2AC57B1200208322 /* TestBottomSheet.swift */; };
		F92D4D632A9B90BA00F33AFF /* CarRentalConfirmationScreen.swift in Sources */ = {isa = PBXBuildFile; fileRef = F92D4D622A9B90BA00F33AFF /* CarRentalConfirmationScreen.swift */; };
		F92D4D652A9BA38F00F33AFF /* Date+Extension.swift in Sources */ = {isa = PBXBuildFile; fileRef = F92D4D642A9BA38F00F33AFF /* Date+Extension.swift */; };
		F932B43E2A4843AC00E6FDFB /* Roboto-Regular.ttf in Resources */ = {isa = PBXBuildFile; fileRef = F932B43B2A4843AC00E6FDFB /* Roboto-Regular.ttf */; };
		F932B43F2A4843AC00E6FDFB /* Roboto-Medium.ttf in Resources */ = {isa = PBXBuildFile; fileRef = F932B43C2A4843AC00E6FDFB /* Roboto-Medium.ttf */; };
		F932B4402A4843AC00E6FDFB /* Roboto-Bold.ttf in Resources */ = {isa = PBXBuildFile; fileRef = F932B43D2A4843AC00E6FDFB /* Roboto-Bold.ttf */; };
		F932B4562A484DB600E6FDFB /* GhostButton.swift in Sources */ = {isa = PBXBuildFile; fileRef = F932B4552A484DB600E6FDFB /* GhostButton.swift */; };
		F932B4582A489DA600E6FDFB /* SettingScreen.swift in Sources */ = {isa = PBXBuildFile; fileRef = F932B4572A489DA600E6FDFB /* SettingScreen.swift */; };
		F93818D72AE3E76300528B4F /* SDWebImageSwiftUI in Frameworks */ = {isa = PBXBuildFile; productRef = F93818D62AE3E76300528B4F /* SDWebImageSwiftUI */; };
		F93818D92AE3F42200528B4F /* CarDetailViewModel.swift in Sources */ = {isa = PBXBuildFile; fileRef = F93818D82AE3F42200528B4F /* CarDetailViewModel.swift */; };
		F93818DB2AE3F80A00528B4F /* CarDetailResponse.swift in Sources */ = {isa = PBXBuildFile; fileRef = F93818DA2AE3F80A00528B4F /* CarDetailResponse.swift */; };
		F93818DD2AE4132500528B4F /* CarRentalSubmitResponse.swift in Sources */ = {isa = PBXBuildFile; fileRef = F93818DC2AE4132500528B4F /* CarRentalSubmitResponse.swift */; };
		F93818DF2AE4138400528B4F /* CarRentalSubmitViewModel.swift in Sources */ = {isa = PBXBuildFile; fileRef = F93818DE2AE4138400528B4F /* CarRentalSubmitViewModel.swift */; };
		F93F85DB2A7AB86F009EFADA /* SuccessViewModel.swift in Sources */ = {isa = PBXBuildFile; fileRef = F93F85DA2A7AB86F009EFADA /* SuccessViewModel.swift */; };
		F94B14252932943900AC41A1 /* View+App.swift in Sources */ = {isa = PBXBuildFile; fileRef = F94B14242932943900AC41A1 /* View+App.swift */; };
		F94B14272933138600AC41A1 /* MyProfileScreen.swift in Sources */ = {isa = PBXBuildFile; fileRef = F94B14262933138600AC41A1 /* MyProfileScreen.swift */; };
		F94B143A2936734200AC41A1 /* CartScreen.swift in Sources */ = {isa = PBXBuildFile; fileRef = F94B14392936734200AC41A1 /* CartScreen.swift */; };
		F94B143C2937D2BF00AC41A1 /* CartItem.swift in Sources */ = {isa = PBXBuildFile; fileRef = F94B143B2937D2BF00AC41A1 /* CartItem.swift */; };
		F9522863292A861500AFF79B /* SearchView.swift in Sources */ = {isa = PBXBuildFile; fileRef = F9522862292A861500AFF79B /* SearchView.swift */; };
		F9522868292A93BB00AFF79B /* ProfileScreen.swift in Sources */ = {isa = PBXBuildFile; fileRef = F9522867292A93BB00AFF79B /* ProfileScreen.swift */; };
		F952286B292A9EDC00AFF79B /* ProfileViewModel.swift in Sources */ = {isa = PBXBuildFile; fileRef = F952286A292A9EDC00AFF79B /* ProfileViewModel.swift */; };
		F952286E292A9FD600AFF79B /* Enum.swift in Sources */ = {isa = PBXBuildFile; fileRef = F952286D292A9FD600AFF79B /* Enum.swift */; };
		F9522870292AA2F900AFF79B /* ButtonProfile.swift in Sources */ = {isa = PBXBuildFile; fileRef = F952286F292AA2F900AFF79B /* ButtonProfile.swift */; };
		F96D18572A55D38B0059D609 /* Localizable.strings in Resources */ = {isa = PBXBuildFile; fileRef = F96D18592A55D38B0059D609 /* Localizable.strings */; };
		F96D185F2A55DDDD0059D609 /* ForgotPasswordViewModel.swift in Sources */ = {isa = PBXBuildFile; fileRef = F96D185E2A55DDDD0059D609 /* ForgotPasswordViewModel.swift */; };
		F97294152927E2C200E89C68 /* CarResultScreen.swift in Sources */ = {isa = PBXBuildFile; fileRef = F97294142927E2C200E89C68 /* CarResultScreen.swift */; };
		F97294172927E2E200E89C68 /* CarDetailScreen.swift in Sources */ = {isa = PBXBuildFile; fileRef = F97294162927E2E200E89C68 /* CarDetailScreen.swift */; };
		F9770A5729B474FA00596443 /* LoadingViewModel.swift in Sources */ = {isa = PBXBuildFile; fileRef = F9770A5629B474FA00596443 /* LoadingViewModel.swift */; };
		F9770A5C29B4762500596443 /* LoadingView.swift in Sources */ = {isa = PBXBuildFile; fileRef = F9770A5B29B4762500596443 /* LoadingView.swift */; };
		F9770A5F29B476DA00596443 /* Extension.swift in Sources */ = {isa = PBXBuildFile; fileRef = F9770A5E29B476DA00596443 /* Extension.swift */; };
		F9770A8329BC3ABA00596443 /* ForgotPasswordScreen.swift in Sources */ = {isa = PBXBuildFile; fileRef = F9770A8229BC3ABA00596443 /* ForgotPasswordScreen.swift */; };
		F9770A8629BE255C00596443 /* String+Extension.swift in Sources */ = {isa = PBXBuildFile; fileRef = F9770A8529BE255C00596443 /* String+Extension.swift */; };
		F9770A8929BE2E0400596443 /* Constant.swift in Sources */ = {isa = PBXBuildFile; fileRef = F9770A8829BE2E0400596443 /* Constant.swift */; };
		F9770A8B29BE305800596443 /* PopupHandle.swift in Sources */ = {isa = PBXBuildFile; fileRef = F9770A8A29BE305800596443 /* PopupHandle.swift */; };
		F9770A8D29BE317700596443 /* AppDataManager.swift in Sources */ = {isa = PBXBuildFile; fileRef = F9770A8C29BE317700596443 /* AppDataManager.swift */; };
		F9770A9029BE335B00596443 /* UIApplication+Extension.swift in Sources */ = {isa = PBXBuildFile; fileRef = F9770A8F29BE335B00596443 /* UIApplication+Extension.swift */; };
		F9770A9229BE34B500596443 /* DispatchQueue+Extension.swift in Sources */ = {isa = PBXBuildFile; fileRef = F9770A9129BE34B500596443 /* DispatchQueue+Extension.swift */; };
		F9770A9529BE362A00596443 /* ConfirmDialog.swift in Sources */ = {isa = PBXBuildFile; fileRef = F9770A9429BE362A00596443 /* ConfirmDialog.swift */; };
		F9770A9829BE371400596443 /* Line.swift in Sources */ = {isa = PBXBuildFile; fileRef = F9770A9729BE371400596443 /* Line.swift */; };
		F9770A9B29BE38D100596443 /* Double+Extension.swift in Sources */ = {isa = PBXBuildFile; fileRef = F9770A9A29BE38D100596443 /* Double+Extension.swift */; };
		F9770A9D29C0D81C00596443 /* CarDecriptionView.swift in Sources */ = {isa = PBXBuildFile; fileRef = F9770A9C29C0D81C00596443 /* CarDecriptionView.swift */; };
		F9780D9B2A780ED8007BC5CE /* SearchBar.swift in Sources */ = {isa = PBXBuildFile; fileRef = F9780D9A2A780ED8007BC5CE /* SearchBar.swift */; };
		F9780D9D2A78143B007BC5CE /* ButtonAuth.swift in Sources */ = {isa = PBXBuildFile; fileRef = F9780D9C2A78143B007BC5CE /* ButtonAuth.swift */; };
		F97BCFCC2AC5C47F00E2996E /* BottomSheet.swift in Sources */ = {isa = PBXBuildFile; fileRef = F97BCFCB2AC5C47F00E2996E /* BottomSheet.swift */; };
		F97BCFD12AC5E12C00E2996E /* AppNavigator.swift in Sources */ = {isa = PBXBuildFile; fileRef = F97BCFD02AC5E12C00E2996E /* AppNavigator.swift */; };
		F97BCFD32AC5E15D00E2996E /* NavigationManager.swift in Sources */ = {isa = PBXBuildFile; fileRef = F97BCFD22AC5E15D00E2996E /* NavigationManager.swift */; };
		F9847EE72A795BCB0065088C /* AttributedString+Extension.swift in Sources */ = {isa = PBXBuildFile; fileRef = F9847EE62A795BCB0065088C /* AttributedString+Extension.swift */; };
		F9847EE92A795E310065088C /* LabelCustom.swift in Sources */ = {isa = PBXBuildFile; fileRef = F9847EE82A795E310065088C /* LabelCustom.swift */; };
		F98875142AC812E700BF7D6D /* AdminHomeScreen.swift in Sources */ = {isa = PBXBuildFile; fileRef = F98875132AC812E700BF7D6D /* AdminHomeScreen.swift */; };
		F98875162AC8152800BF7D6D /* CarRentalDetailScreen.swift in Sources */ = {isa = PBXBuildFile; fileRef = F98875152AC8152800BF7D6D /* CarRentalDetailScreen.swift */; };
		F98875182AC815A000BF7D6D /* CarRentailDetailViewModel.swift in Sources */ = {isa = PBXBuildFile; fileRef = F98875172AC815A000BF7D6D /* CarRentailDetailViewModel.swift */; };
		F988751A2AC815FB00BF7D6D /* CarRentailDetailRespone.swift in Sources */ = {isa = PBXBuildFile; fileRef = F98875192AC815FB00BF7D6D /* CarRentailDetailRespone.swift */; };
		F99008982A76B69B0084A390 /* Roboto-Light.ttf in Resources */ = {isa = PBXBuildFile; fileRef = F99008972A76B69B0084A390 /* Roboto-Light.ttf */; };
		F990089A2A76B6AB0084A390 /* Roboto-Thin.ttf in Resources */ = {isa = PBXBuildFile; fileRef = F99008992A76B6AB0084A390 /* Roboto-Thin.ttf */; };
		F990089C2A76B6B50084A390 /* Roboto-Black.ttf in Resources */ = {isa = PBXBuildFile; fileRef = F990089B2A76B6B20084A390 /* Roboto-Black.ttf */; };
		F99AA8752ACB2E540063EA6E /* EndPoint.swift in Sources */ = {isa = PBXBuildFile; fileRef = F99AA8742ACB2E540063EA6E /* EndPoint.swift */; };
		F99AA8772ACB2E6B0063EA6E /* Headers.swift in Sources */ = {isa = PBXBuildFile; fileRef = F99AA8762ACB2E6B0063EA6E /* Headers.swift */; };
		F99AA8792ACB2E880063EA6E /* ClientNetwork.swift in Sources */ = {isa = PBXBuildFile; fileRef = F99AA8782ACB2E880063EA6E /* ClientNetwork.swift */; };
		F99AA87D2ACB2F900063EA6E /* RegisterResponse.swift in Sources */ = {isa = PBXBuildFile; fileRef = F99AA87C2ACB2F900063EA6E /* RegisterResponse.swift */; };
		F99AA87F2ACB2FB30063EA6E /* LoginResponse.swift in Sources */ = {isa = PBXBuildFile; fileRef = F99AA87E2ACB2FB30063EA6E /* LoginResponse.swift */; };
		F99AA8822ACB311C0063EA6E /* Configs.swift in Sources */ = {isa = PBXBuildFile; fileRef = F99AA8812ACB311C0063EA6E /* Configs.swift */; };
		F99AA8842ACB31AD0063EA6E /* Enum+Client.swift in Sources */ = {isa = PBXBuildFile; fileRef = F99AA8832ACB31AD0063EA6E /* Enum+Client.swift */; };
		F99AA8872ACB32580063EA6E /* Ultis.swift in Sources */ = {isa = PBXBuildFile; fileRef = F99AA8862ACB32580063EA6E /* Ultis.swift */; };
		F99AA8892ACB32DF0063EA6E /* HandleResponse.swift in Sources */ = {isa = PBXBuildFile; fileRef = F99AA8882ACB32DF0063EA6E /* HandleResponse.swift */; };
		F99AA88C2ACB339D0063EA6E /* BaseAlertBuilder.swift in Sources */ = {isa = PBXBuildFile; fileRef = F99AA88A2ACB339D0063EA6E /* BaseAlertBuilder.swift */; };
		F99AA88D2ACB339D0063EA6E /* PopupHelper.swift in Sources */ = {isa = PBXBuildFile; fileRef = F99AA88B2ACB339D0063EA6E /* PopupHelper.swift */; };
		F99AA8902ACB34F90063EA6E /* UserDefaultCustom.swift in Sources */ = {isa = PBXBuildFile; fileRef = F99AA88F2ACB34F90063EA6E /* UserDefaultCustom.swift */; };
		F99AA8922ACB35370063EA6E /* Dictionary+Extension.swift in Sources */ = {isa = PBXBuildFile; fileRef = F99AA8912ACB35370063EA6E /* Dictionary+Extension.swift */; };
		F99AA8942ACB36440063EA6E /* KeyChain.swift in Sources */ = {isa = PBXBuildFile; fileRef = F99AA8932ACB36440063EA6E /* KeyChain.swift */; };
		F99AA8962ACB367A0063EA6E /* Data+Extension.swift in Sources */ = {isa = PBXBuildFile; fileRef = F99AA8952ACB367A0063EA6E /* Data+Extension.swift */; };
		F99AA8992ACB38860063EA6E /* AuthServices.swift in Sources */ = {isa = PBXBuildFile; fileRef = F99AA8982ACB38860063EA6E /* AuthServices.swift */; };
		F99CB8E82940FB7100B6E38A /* BaseNavigationView.swift in Sources */ = {isa = PBXBuildFile; fileRef = F99CB8E72940FB7100B6E38A /* BaseNavigationView.swift */; };
		F99CB8EA2940FBA600B6E38A /* BackHeader.swift in Sources */ = {isa = PBXBuildFile; fileRef = F99CB8E92940FBA600B6E38A /* BackHeader.swift */; };
		F99CB8EC29424BF900B6E38A /* PaymentScreen.swift in Sources */ = {isa = PBXBuildFile; fileRef = F99CB8EB29424BF900B6E38A /* PaymentScreen.swift */; };
		F99CB8EE2945CF8000B6E38A /* PaymentMethodScreen.swift in Sources */ = {isa = PBXBuildFile; fileRef = F99CB8ED2945CF8000B6E38A /* PaymentMethodScreen.swift */; };
		F99CB8F22945D42100B6E38A /* CartViewModel.swift in Sources */ = {isa = PBXBuildFile; fileRef = F99CB8F12945D42100B6E38A /* CartViewModel.swift */; };
		F99CB8F42945D43000B6E38A /* CartModel.swift in Sources */ = {isa = PBXBuildFile; fileRef = F99CB8F32945D43000B6E38A /* CartModel.swift */; };
		F99CB8F62946325C00B6E38A /* TextFieldCustom.swift in Sources */ = {isa = PBXBuildFile; fileRef = F99CB8F52946325C00B6E38A /* TextFieldCustom.swift */; };
		F99CB8F8294647BF00B6E38A /* PurchaseScreen.swift in Sources */ = {isa = PBXBuildFile; fileRef = F99CB8F7294647BF00B6E38A /* PurchaseScreen.swift */; };
		F99DF23C2A921EB80071A636 /* DatePickerTextField.swift in Sources */ = {isa = PBXBuildFile; fileRef = F99DF23B2A921EB80071A636 /* DatePickerTextField.swift */; };
		F9A89618293920B4005BB896 /* AboutUsScreen.swift in Sources */ = {isa = PBXBuildFile; fileRef = F9A89617293920B4005BB896 /* AboutUsScreen.swift */; };
		F9AB78D6291967E2005F4FF2 /* CarRentalApp.swift in Sources */ = {isa = PBXBuildFile; fileRef = F9AB78D5291967E2005F4FF2 /* CarRentalApp.swift */; };
		F9AB78DA291967E3005F4FF2 /* Assets.xcassets in Resources */ = {isa = PBXBuildFile; fileRef = F9AB78D9291967E3005F4FF2 /* Assets.xcassets */; };
		F9AB78DD291967E3005F4FF2 /* Preview Assets.xcassets in Resources */ = {isa = PBXBuildFile; fileRef = F9AB78DC291967E3005F4FF2 /* Preview Assets.xcassets */; };
		F9AB78E729196C17005F4FF2 /* GetStartedScreen.swift in Sources */ = {isa = PBXBuildFile; fileRef = F9AB78E629196C17005F4FF2 /* GetStartedScreen.swift */; };
		F9AB78E9291AAFCC005F4FF2 /* SignInScreen.swift in Sources */ = {isa = PBXBuildFile; fileRef = F9AB78E8291AAFCC005F4FF2 /* SignInScreen.swift */; };
		F9AB78EC291AB9CF005F4FF2 /* TextFieldView.swift in Sources */ = {isa = PBXBuildFile; fileRef = F9AB78EB291AB9CF005F4FF2 /* TextFieldView.swift */; };
		F9AB78EE291AC680005F4FF2 /* SecureTextFieldView.swift in Sources */ = {isa = PBXBuildFile; fileRef = F9AB78ED291AC680005F4FF2 /* SecureTextFieldView.swift */; };
		F9CCA8902A63DFB200660663 /* MyProfileViewModel.swift in Sources */ = {isa = PBXBuildFile; fileRef = F9CCA88F2A63DFB200660663 /* MyProfileViewModel.swift */; };
		F9CCFF9B2AD6F603003F33EC /* AppViewModel.swift in Sources */ = {isa = PBXBuildFile; fileRef = F9CCFF9A2AD6F603003F33EC /* AppViewModel.swift */; };
		F9CCFFA02AD6F880003F33EC /* StatusToast.swift in Sources */ = {isa = PBXBuildFile; fileRef = F9CCFF9F2AD6F880003F33EC /* StatusToast.swift */; };
		F9CCFFA22AD6F89E003F33EC /* ToastView.swift in Sources */ = {isa = PBXBuildFile; fileRef = F9CCFFA12AD6F89E003F33EC /* ToastView.swift */; };
		F9CCFFA42AD70957003F33EC /* ForgotPasswordResponse.swift in Sources */ = {isa = PBXBuildFile; fileRef = F9CCFFA32AD70957003F33EC /* ForgotPasswordResponse.swift */; };
		F9CCFFA62AD70AFF003F33EC /* ResetPasswordScreen.swift in Sources */ = {isa = PBXBuildFile; fileRef = F9CCFFA52AD70AFF003F33EC /* ResetPasswordScreen.swift */; };
		F9CCFFA82AD70CC6003F33EC /* ResetPasswordViewModel.swift in Sources */ = {isa = PBXBuildFile; fileRef = F9CCFFA72AD70CC6003F33EC /* ResetPasswordViewModel.swift */; };
		F9CCFFAA2AD70E0E003F33EC /* ResetPasswordResponse.swift in Sources */ = {isa = PBXBuildFile; fileRef = F9CCFFA92AD70E0E003F33EC /* ResetPasswordResponse.swift */; };
		F9CCFFAD2AD718EE003F33EC /* CarRentailServices.swift in Sources */ = {isa = PBXBuildFile; fileRef = F9CCFFAC2AD718EE003F33EC /* CarRentailServices.swift */; };
		F9CCFFAF2AD719E3003F33EC /* SearchCarResponse.swift in Sources */ = {isa = PBXBuildFile; fileRef = F9CCFFAE2AD719E3003F33EC /* SearchCarResponse.swift */; };
		F9CCFFB32AD7234F003F33EC /* CarResultViewModel.swift in Sources */ = {isa = PBXBuildFile; fileRef = F9CCFFB22AD7234F003F33EC /* CarResultViewModel.swift */; };
		F9D37FBA2A40CBB1002D6817 /* GoogleService-Info.plist in Resources */ = {isa = PBXBuildFile; fileRef = F9D37FB92A40CBB1002D6817 /* GoogleService-Info.plist */; };
		F9D37FBC2A40D0B5002D6817 /* View+Extension.swift in Sources */ = {isa = PBXBuildFile; fileRef = F9D37FBB2A40D0B5002D6817 /* View+Extension.swift */; };
		F9F960082921492B00919CF9 /* SignUpScreen.swift in Sources */ = {isa = PBXBuildFile; fileRef = F9F960072921492B00919CF9 /* SignUpScreen.swift */; };
		F9F9600B292156DE00919CF9 /* HomeScreen.swift in Sources */ = {isa = PBXBuildFile; fileRef = F9F9600A292156DE00919CF9 /* HomeScreen.swift */; };
		F9F9600E2921585400919CF9 /* ImageName.swift in Sources */ = {isa = PBXBuildFile; fileRef = F9F9600D2921585400919CF9 /* ImageName.swift */; };
		F9F9601029215F6000919CF9 /* ColorName.swift in Sources */ = {isa = PBXBuildFile; fileRef = F9F9600F29215F6000919CF9 /* ColorName.swift */; };
		F9F960132922974D00919CF9 /* HomeViewModel.swift in Sources */ = {isa = PBXBuildFile; fileRef = F9F960122922974D00919CF9 /* HomeViewModel.swift */; };
		F9F9601A292298EC00919CF9 /* HomeDataMock.swift in Sources */ = {isa = PBXBuildFile; fileRef = F9F96019292298EC00919CF9 /* HomeDataMock.swift */; };
		F9F9601C29229BB600919CF9 /* ButtonSelect.swift in Sources */ = {isa = PBXBuildFile; fileRef = F9F9601B29229BB600919CF9 /* ButtonSelect.swift */; };
		F9F9601E2923ED0C00919CF9 /* TextStyle.swift in Sources */ = {isa = PBXBuildFile; fileRef = F9F9601D2923ED0C00919CF9 /* TextStyle.swift */; };
		F9F960202924042200919CF9 /* CarBoxView.swift in Sources */ = {isa = PBXBuildFile; fileRef = F9F9601F2924042200919CF9 /* CarBoxView.swift */; };
		F9FF9CEC2A5DC9EC006F95CC /* UserManager.swift in Sources */ = {isa = PBXBuildFile; fileRef = F9FF9CEB2A5DC9EC006F95CC /* UserManager.swift */; };
		F9FF9CEF2A5DCAA1006F95CC /* FirebaseAuth in Frameworks */ = {isa = PBXBuildFile; productRef = F9FF9CEE2A5DCAA1006F95CC /* FirebaseAuth */; };
		F9FF9CF12A5DCAA1006F95CC /* FirebaseAuthCombine-Community in Frameworks */ = {isa = PBXBuildFile; productRef = F9FF9CF02A5DCAA1006F95CC /* FirebaseAuthCombine-Community */; };
		F9FF9CF32A5DCAA1006F95CC /* FirebaseDatabase in Frameworks */ = {isa = PBXBuildFile; productRef = F9FF9CF22A5DCAA1006F95CC /* FirebaseDatabase */; };
		F9FF9CF52A5DCAA1006F95CC /* FirebaseFirestore in Frameworks */ = {isa = PBXBuildFile; productRef = F9FF9CF42A5DCAA1006F95CC /* FirebaseFirestore */; };
		F9FF9CF72A5DCAA1006F95CC /* FirebaseFirestoreCombine-Community in Frameworks */ = {isa = PBXBuildFile; productRef = F9FF9CF62A5DCAA1006F95CC /* FirebaseFirestoreCombine-Community */; };
		F9FF9CF92A5DCAA1006F95CC /* FirebaseFirestoreSwift in Frameworks */ = {isa = PBXBuildFile; productRef = F9FF9CF82A5DCAA1006F95CC /* FirebaseFirestoreSwift */; };
/* End PBXBuildFile section */

/* Begin PBXFileReference section */
		672D5B76425892564F9927AD /* Pods_Car_Rental_App.framework */ = {isa = PBXFileReference; explicitFileType = wrapper.framework; includeInIndex = 0; path = Pods_Car_Rental_App.framework; sourceTree = BUILT_PRODUCTS_DIR; };
		7DB082E3A563617B5D64AE02 /* Pods-Car Rental App.release.xcconfig */ = {isa = PBXFileReference; includeInIndex = 1; lastKnownFileType = text.xcconfig; name = "Pods-Car Rental App.release.xcconfig"; path = "Target Support Files/Pods-Car Rental App/Pods-Car Rental App.release.xcconfig"; sourceTree = "<group>"; };
		CB0246362A795125005F9B74 /* CarRentalViewModel.swift */ = {isa = PBXFileReference; lastKnownFileType = sourcecode.swift; path = CarRentalViewModel.swift; sourceTree = "<group>"; };
		CB0246392A795168005F9B74 /* CarRentalResponse.swift */ = {isa = PBXFileReference; lastKnownFileType = sourcecode.swift; path = CarRentalResponse.swift; sourceTree = "<group>"; };
		CB6904BC2A76D894001598AE /* CarRentalScreen.swift */ = {isa = PBXFileReference; lastKnownFileType = sourcecode.swift; path = CarRentalScreen.swift; sourceTree = "<group>"; };
		D1540025C6E9C1E8C8C7705E /* Pods-Car Rental App.debug.xcconfig */ = {isa = PBXFileReference; includeInIndex = 1; lastKnownFileType = text.xcconfig; name = "Pods-Car Rental App.debug.xcconfig"; path = "Target Support Files/Pods-Car Rental App/Pods-Car Rental App.debug.xcconfig"; sourceTree = "<group>"; };
		F91807042A5038FC0084F113 /* SignUpViewModel.swift */ = {isa = PBXFileReference; lastKnownFileType = sourcecode.swift; path = SignUpViewModel.swift; sourceTree = "<group>"; };
		F91807062A5039090084F113 /* SignInViewModel.swift */ = {isa = PBXFileReference; lastKnownFileType = sourcecode.swift; path = SignInViewModel.swift; sourceTree = "<group>"; };
		F91807082A5041FF0084F113 /* AuthenticationManager.swift */ = {isa = PBXFileReference; lastKnownFileType = sourcecode.swift; path = AuthenticationManager.swift; sourceTree = "<group>"; };
		F91B26D32ADBF403000DA91C /* Int+Extension.swift */ = {isa = PBXFileReference; lastKnownFileType = sourcecode.swift; path = "Int+Extension.swift"; sourceTree = "<group>"; };
		F91E43122A89375500898074 /* CarPreviewView.swift */ = {isa = PBXFileReference; lastKnownFileType = sourcecode.swift; path = CarPreviewView.swift; sourceTree = "<group>"; };
		F92843DE2AC57B1200208322 /* TestBottomSheet.swift */ = {isa = PBXFileReference; lastKnownFileType = sourcecode.swift; path = TestBottomSheet.swift; sourceTree = "<group>"; };
		F92D4D622A9B90BA00F33AFF /* CarRentalConfirmationScreen.swift */ = {isa = PBXFileReference; lastKnownFileType = sourcecode.swift; path = CarRentalConfirmationScreen.swift; sourceTree = "<group>"; };
		F92D4D642A9BA38F00F33AFF /* Date+Extension.swift */ = {isa = PBXFileReference; lastKnownFileType = sourcecode.swift; path = "Date+Extension.swift"; sourceTree = "<group>"; };
		F932B43B2A4843AC00E6FDFB /* Roboto-Regular.ttf */ = {isa = PBXFileReference; lastKnownFileType = file; path = "Roboto-Regular.ttf"; sourceTree = "<group>"; };
		F932B43C2A4843AC00E6FDFB /* Roboto-Medium.ttf */ = {isa = PBXFileReference; lastKnownFileType = file; path = "Roboto-Medium.ttf"; sourceTree = "<group>"; };
		F932B43D2A4843AC00E6FDFB /* Roboto-Bold.ttf */ = {isa = PBXFileReference; lastKnownFileType = file; path = "Roboto-Bold.ttf"; sourceTree = "<group>"; };
		F932B4552A484DB600E6FDFB /* GhostButton.swift */ = {isa = PBXFileReference; lastKnownFileType = sourcecode.swift; path = GhostButton.swift; sourceTree = "<group>"; };
		F932B4572A489DA600E6FDFB /* SettingScreen.swift */ = {isa = PBXFileReference; lastKnownFileType = sourcecode.swift; path = SettingScreen.swift; sourceTree = "<group>"; };
		F93818D82AE3F42200528B4F /* CarDetailViewModel.swift */ = {isa = PBXFileReference; lastKnownFileType = sourcecode.swift; path = CarDetailViewModel.swift; sourceTree = "<group>"; };
		F93818DA2AE3F80A00528B4F /* CarDetailResponse.swift */ = {isa = PBXFileReference; lastKnownFileType = sourcecode.swift; path = CarDetailResponse.swift; sourceTree = "<group>"; };
		F93818DC2AE4132500528B4F /* CarRentalSubmitResponse.swift */ = {isa = PBXFileReference; lastKnownFileType = sourcecode.swift; path = CarRentalSubmitResponse.swift; sourceTree = "<group>"; };
		F93818DE2AE4138400528B4F /* CarRentalSubmitViewModel.swift */ = {isa = PBXFileReference; lastKnownFileType = sourcecode.swift; path = CarRentalSubmitViewModel.swift; sourceTree = "<group>"; };
		F93F85DA2A7AB86F009EFADA /* SuccessViewModel.swift */ = {isa = PBXFileReference; lastKnownFileType = sourcecode.swift; path = SuccessViewModel.swift; sourceTree = "<group>"; };
		F94B14242932943900AC41A1 /* View+App.swift */ = {isa = PBXFileReference; lastKnownFileType = sourcecode.swift; path = "View+App.swift"; sourceTree = "<group>"; };
		F94B14262933138600AC41A1 /* MyProfileScreen.swift */ = {isa = PBXFileReference; lastKnownFileType = sourcecode.swift; path = MyProfileScreen.swift; sourceTree = "<group>"; };
		F94B14392936734200AC41A1 /* CartScreen.swift */ = {isa = PBXFileReference; lastKnownFileType = sourcecode.swift; path = CartScreen.swift; sourceTree = "<group>"; };
		F94B143B2937D2BF00AC41A1 /* CartItem.swift */ = {isa = PBXFileReference; lastKnownFileType = sourcecode.swift; path = CartItem.swift; sourceTree = "<group>"; };
		F9522862292A861500AFF79B /* SearchView.swift */ = {isa = PBXFileReference; lastKnownFileType = sourcecode.swift; path = SearchView.swift; sourceTree = "<group>"; };
		F9522867292A93BB00AFF79B /* ProfileScreen.swift */ = {isa = PBXFileReference; lastKnownFileType = sourcecode.swift; path = ProfileScreen.swift; sourceTree = "<group>"; };
		F952286A292A9EDC00AFF79B /* ProfileViewModel.swift */ = {isa = PBXFileReference; lastKnownFileType = sourcecode.swift; path = ProfileViewModel.swift; sourceTree = "<group>"; };
		F952286D292A9FD600AFF79B /* Enum.swift */ = {isa = PBXFileReference; lastKnownFileType = sourcecode.swift; path = Enum.swift; sourceTree = "<group>"; };
		F952286F292AA2F900AFF79B /* ButtonProfile.swift */ = {isa = PBXFileReference; lastKnownFileType = sourcecode.swift; path = ButtonProfile.swift; sourceTree = "<group>"; };
		F96D18582A55D38B0059D609 /* en */ = {isa = PBXFileReference; lastKnownFileType = text.plist.strings; name = en; path = en.lproj/Localizable.strings; sourceTree = "<group>"; };
		F96D185E2A55DDDD0059D609 /* ForgotPasswordViewModel.swift */ = {isa = PBXFileReference; lastKnownFileType = sourcecode.swift; path = ForgotPasswordViewModel.swift; sourceTree = "<group>"; };
		F97294142927E2C200E89C68 /* CarResultScreen.swift */ = {isa = PBXFileReference; lastKnownFileType = sourcecode.swift; path = CarResultScreen.swift; sourceTree = "<group>"; };
		F97294162927E2E200E89C68 /* CarDetailScreen.swift */ = {isa = PBXFileReference; lastKnownFileType = sourcecode.swift; path = CarDetailScreen.swift; sourceTree = "<group>"; };
		F9770A5629B474FA00596443 /* LoadingViewModel.swift */ = {isa = PBXFileReference; lastKnownFileType = sourcecode.swift; path = LoadingViewModel.swift; sourceTree = "<group>"; };
		F9770A5B29B4762500596443 /* LoadingView.swift */ = {isa = PBXFileReference; lastKnownFileType = sourcecode.swift; path = LoadingView.swift; sourceTree = "<group>"; };
		F9770A5E29B476DA00596443 /* Extension.swift */ = {isa = PBXFileReference; lastKnownFileType = sourcecode.swift; path = Extension.swift; sourceTree = "<group>"; };
		F9770A8229BC3ABA00596443 /* ForgotPasswordScreen.swift */ = {isa = PBXFileReference; lastKnownFileType = sourcecode.swift; path = ForgotPasswordScreen.swift; sourceTree = "<group>"; };
		F9770A8529BE255C00596443 /* String+Extension.swift */ = {isa = PBXFileReference; lastKnownFileType = sourcecode.swift; path = "String+Extension.swift"; sourceTree = "<group>"; };
		F9770A8829BE2E0400596443 /* Constant.swift */ = {isa = PBXFileReference; lastKnownFileType = sourcecode.swift; path = Constant.swift; sourceTree = "<group>"; };
		F9770A8A29BE305800596443 /* PopupHandle.swift */ = {isa = PBXFileReference; lastKnownFileType = sourcecode.swift; path = PopupHandle.swift; sourceTree = "<group>"; };
		F9770A8C29BE317700596443 /* AppDataManager.swift */ = {isa = PBXFileReference; lastKnownFileType = sourcecode.swift; path = AppDataManager.swift; sourceTree = "<group>"; };
		F9770A8F29BE335B00596443 /* UIApplication+Extension.swift */ = {isa = PBXFileReference; lastKnownFileType = sourcecode.swift; path = "UIApplication+Extension.swift"; sourceTree = "<group>"; };
		F9770A9129BE34B500596443 /* DispatchQueue+Extension.swift */ = {isa = PBXFileReference; lastKnownFileType = sourcecode.swift; path = "DispatchQueue+Extension.swift"; sourceTree = "<group>"; };
		F9770A9429BE362A00596443 /* ConfirmDialog.swift */ = {isa = PBXFileReference; lastKnownFileType = sourcecode.swift; path = ConfirmDialog.swift; sourceTree = "<group>"; };
		F9770A9729BE371400596443 /* Line.swift */ = {isa = PBXFileReference; lastKnownFileType = sourcecode.swift; path = Line.swift; sourceTree = "<group>"; };
		F9770A9A29BE38D100596443 /* Double+Extension.swift */ = {isa = PBXFileReference; lastKnownFileType = sourcecode.swift; path = "Double+Extension.swift"; sourceTree = "<group>"; };
		F9770A9C29C0D81C00596443 /* CarDecriptionView.swift */ = {isa = PBXFileReference; lastKnownFileType = sourcecode.swift; path = CarDecriptionView.swift; sourceTree = "<group>"; };
		F9780D9A2A780ED8007BC5CE /* SearchBar.swift */ = {isa = PBXFileReference; lastKnownFileType = sourcecode.swift; path = SearchBar.swift; sourceTree = "<group>"; };
		F9780D9C2A78143B007BC5CE /* ButtonAuth.swift */ = {isa = PBXFileReference; lastKnownFileType = sourcecode.swift; path = ButtonAuth.swift; sourceTree = "<group>"; };
		F97BCFCB2AC5C47F00E2996E /* BottomSheet.swift */ = {isa = PBXFileReference; lastKnownFileType = sourcecode.swift; path = BottomSheet.swift; sourceTree = "<group>"; };
		F97BCFD02AC5E12C00E2996E /* AppNavigator.swift */ = {isa = PBXFileReference; lastKnownFileType = sourcecode.swift; path = AppNavigator.swift; sourceTree = "<group>"; };
		F97BCFD22AC5E15D00E2996E /* NavigationManager.swift */ = {isa = PBXFileReference; lastKnownFileType = sourcecode.swift; path = NavigationManager.swift; sourceTree = "<group>"; };
		F9847EE62A795BCB0065088C /* AttributedString+Extension.swift */ = {isa = PBXFileReference; fileEncoding = 4; lastKnownFileType = sourcecode.swift; path = "AttributedString+Extension.swift"; sourceTree = "<group>"; };
		F9847EE82A795E310065088C /* LabelCustom.swift */ = {isa = PBXFileReference; lastKnownFileType = sourcecode.swift; path = LabelCustom.swift; sourceTree = "<group>"; };
		F98875132AC812E700BF7D6D /* AdminHomeScreen.swift */ = {isa = PBXFileReference; lastKnownFileType = sourcecode.swift; path = AdminHomeScreen.swift; sourceTree = "<group>"; };
		F98875152AC8152800BF7D6D /* CarRentalDetailScreen.swift */ = {isa = PBXFileReference; lastKnownFileType = sourcecode.swift; path = CarRentalDetailScreen.swift; sourceTree = "<group>"; };
		F98875172AC815A000BF7D6D /* CarRentailDetailViewModel.swift */ = {isa = PBXFileReference; lastKnownFileType = sourcecode.swift; path = CarRentailDetailViewModel.swift; sourceTree = "<group>"; };
		F98875192AC815FB00BF7D6D /* CarRentailDetailRespone.swift */ = {isa = PBXFileReference; lastKnownFileType = sourcecode.swift; path = CarRentailDetailRespone.swift; sourceTree = "<group>"; };
		F99008972A76B69B0084A390 /* Roboto-Light.ttf */ = {isa = PBXFileReference; lastKnownFileType = file; path = "Roboto-Light.ttf"; sourceTree = "<group>"; };
		F99008992A76B6AB0084A390 /* Roboto-Thin.ttf */ = {isa = PBXFileReference; lastKnownFileType = file; path = "Roboto-Thin.ttf"; sourceTree = "<group>"; };
		F990089B2A76B6B20084A390 /* Roboto-Black.ttf */ = {isa = PBXFileReference; lastKnownFileType = file; path = "Roboto-Black.ttf"; sourceTree = "<group>"; };
		F99AA8742ACB2E540063EA6E /* EndPoint.swift */ = {isa = PBXFileReference; lastKnownFileType = sourcecode.swift; path = EndPoint.swift; sourceTree = "<group>"; };
		F99AA8762ACB2E6B0063EA6E /* Headers.swift */ = {isa = PBXFileReference; fileEncoding = 4; lastKnownFileType = sourcecode.swift; path = Headers.swift; sourceTree = "<group>"; };
		F99AA8782ACB2E880063EA6E /* ClientNetwork.swift */ = {isa = PBXFileReference; fileEncoding = 4; lastKnownFileType = sourcecode.swift; path = ClientNetwork.swift; sourceTree = "<group>"; };
		F99AA87C2ACB2F900063EA6E /* RegisterResponse.swift */ = {isa = PBXFileReference; lastKnownFileType = sourcecode.swift; path = RegisterResponse.swift; sourceTree = "<group>"; };
		F99AA87E2ACB2FB30063EA6E /* LoginResponse.swift */ = {isa = PBXFileReference; lastKnownFileType = sourcecode.swift; path = LoginResponse.swift; sourceTree = "<group>"; };
		F99AA8812ACB311C0063EA6E /* Configs.swift */ = {isa = PBXFileReference; lastKnownFileType = sourcecode.swift; path = Configs.swift; sourceTree = "<group>"; };
		F99AA8832ACB31AD0063EA6E /* Enum+Client.swift */ = {isa = PBXFileReference; lastKnownFileType = sourcecode.swift; path = "Enum+Client.swift"; sourceTree = "<group>"; };
		F99AA8862ACB32580063EA6E /* Ultis.swift */ = {isa = PBXFileReference; lastKnownFileType = sourcecode.swift; path = Ultis.swift; sourceTree = "<group>"; };
		F99AA8882ACB32DF0063EA6E /* HandleResponse.swift */ = {isa = PBXFileReference; fileEncoding = 4; lastKnownFileType = sourcecode.swift; path = HandleResponse.swift; sourceTree = "<group>"; };
		F99AA88A2ACB339D0063EA6E /* BaseAlertBuilder.swift */ = {isa = PBXFileReference; fileEncoding = 4; lastKnownFileType = sourcecode.swift; path = BaseAlertBuilder.swift; sourceTree = "<group>"; };
		F99AA88B2ACB339D0063EA6E /* PopupHelper.swift */ = {isa = PBXFileReference; fileEncoding = 4; lastKnownFileType = sourcecode.swift; path = PopupHelper.swift; sourceTree = "<group>"; };
		F99AA88F2ACB34F90063EA6E /* UserDefaultCustom.swift */ = {isa = PBXFileReference; fileEncoding = 4; lastKnownFileType = sourcecode.swift; path = UserDefaultCustom.swift; sourceTree = "<group>"; };
		F99AA8912ACB35370063EA6E /* Dictionary+Extension.swift */ = {isa = PBXFileReference; lastKnownFileType = sourcecode.swift; path = "Dictionary+Extension.swift"; sourceTree = "<group>"; };
		F99AA8932ACB36440063EA6E /* KeyChain.swift */ = {isa = PBXFileReference; fileEncoding = 4; lastKnownFileType = sourcecode.swift; path = KeyChain.swift; sourceTree = "<group>"; };
		F99AA8952ACB367A0063EA6E /* Data+Extension.swift */ = {isa = PBXFileReference; lastKnownFileType = sourcecode.swift; path = "Data+Extension.swift"; sourceTree = "<group>"; };
		F99AA8982ACB38860063EA6E /* AuthServices.swift */ = {isa = PBXFileReference; lastKnownFileType = sourcecode.swift; path = AuthServices.swift; sourceTree = "<group>"; };
		F99CB8E72940FB7100B6E38A /* BaseNavigationView.swift */ = {isa = PBXFileReference; lastKnownFileType = sourcecode.swift; path = BaseNavigationView.swift; sourceTree = "<group>"; };
		F99CB8E92940FBA600B6E38A /* BackHeader.swift */ = {isa = PBXFileReference; lastKnownFileType = sourcecode.swift; path = BackHeader.swift; sourceTree = "<group>"; };
		F99CB8EB29424BF900B6E38A /* PaymentScreen.swift */ = {isa = PBXFileReference; lastKnownFileType = sourcecode.swift; path = PaymentScreen.swift; sourceTree = "<group>"; };
		F99CB8ED2945CF8000B6E38A /* PaymentMethodScreen.swift */ = {isa = PBXFileReference; lastKnownFileType = sourcecode.swift; path = PaymentMethodScreen.swift; sourceTree = "<group>"; };
		F99CB8F12945D42100B6E38A /* CartViewModel.swift */ = {isa = PBXFileReference; lastKnownFileType = sourcecode.swift; path = CartViewModel.swift; sourceTree = "<group>"; };
		F99CB8F32945D43000B6E38A /* CartModel.swift */ = {isa = PBXFileReference; lastKnownFileType = sourcecode.swift; path = CartModel.swift; sourceTree = "<group>"; };
		F99CB8F52946325C00B6E38A /* TextFieldCustom.swift */ = {isa = PBXFileReference; lastKnownFileType = sourcecode.swift; path = TextFieldCustom.swift; sourceTree = "<group>"; };
		F99CB8F7294647BF00B6E38A /* PurchaseScreen.swift */ = {isa = PBXFileReference; lastKnownFileType = sourcecode.swift; path = PurchaseScreen.swift; sourceTree = "<group>"; };
		F99DF23B2A921EB80071A636 /* DatePickerTextField.swift */ = {isa = PBXFileReference; lastKnownFileType = sourcecode.swift; path = DatePickerTextField.swift; sourceTree = "<group>"; };
		F9A89617293920B4005BB896 /* AboutUsScreen.swift */ = {isa = PBXFileReference; lastKnownFileType = sourcecode.swift; path = AboutUsScreen.swift; sourceTree = "<group>"; };
		F9AB78D2291967E2005F4FF2 /* Car Rental App.app */ = {isa = PBXFileReference; explicitFileType = wrapper.application; includeInIndex = 0; path = "Car Rental App.app"; sourceTree = BUILT_PRODUCTS_DIR; };
		F9AB78D5291967E2005F4FF2 /* CarRentalApp.swift */ = {isa = PBXFileReference; lastKnownFileType = sourcecode.swift; path = CarRentalApp.swift; sourceTree = "<group>"; };
		F9AB78D9291967E3005F4FF2 /* Assets.xcassets */ = {isa = PBXFileReference; lastKnownFileType = folder.assetcatalog; path = Assets.xcassets; sourceTree = "<group>"; };
		F9AB78DC291967E3005F4FF2 /* Preview Assets.xcassets */ = {isa = PBXFileReference; lastKnownFileType = folder.assetcatalog; path = "Preview Assets.xcassets"; sourceTree = "<group>"; };
		F9AB78E629196C17005F4FF2 /* GetStartedScreen.swift */ = {isa = PBXFileReference; lastKnownFileType = sourcecode.swift; path = GetStartedScreen.swift; sourceTree = "<group>"; };
		F9AB78E8291AAFCC005F4FF2 /* SignInScreen.swift */ = {isa = PBXFileReference; lastKnownFileType = sourcecode.swift; path = SignInScreen.swift; sourceTree = "<group>"; };
		F9AB78EB291AB9CF005F4FF2 /* TextFieldView.swift */ = {isa = PBXFileReference; lastKnownFileType = sourcecode.swift; path = TextFieldView.swift; sourceTree = "<group>"; };
		F9AB78ED291AC680005F4FF2 /* SecureTextFieldView.swift */ = {isa = PBXFileReference; lastKnownFileType = sourcecode.swift; path = SecureTextFieldView.swift; sourceTree = "<group>"; };
		F9CCA88F2A63DFB200660663 /* MyProfileViewModel.swift */ = {isa = PBXFileReference; lastKnownFileType = sourcecode.swift; path = MyProfileViewModel.swift; sourceTree = "<group>"; };
		F9CCFF9A2AD6F603003F33EC /* AppViewModel.swift */ = {isa = PBXFileReference; lastKnownFileType = sourcecode.swift; path = AppViewModel.swift; sourceTree = "<group>"; };
		F9CCFF9F2AD6F880003F33EC /* StatusToast.swift */ = {isa = PBXFileReference; lastKnownFileType = sourcecode.swift; path = StatusToast.swift; sourceTree = "<group>"; };
		F9CCFFA12AD6F89E003F33EC /* ToastView.swift */ = {isa = PBXFileReference; lastKnownFileType = sourcecode.swift; path = ToastView.swift; sourceTree = "<group>"; };
		F9CCFFA32AD70957003F33EC /* ForgotPasswordResponse.swift */ = {isa = PBXFileReference; lastKnownFileType = sourcecode.swift; path = ForgotPasswordResponse.swift; sourceTree = "<group>"; };
		F9CCFFA52AD70AFF003F33EC /* ResetPasswordScreen.swift */ = {isa = PBXFileReference; lastKnownFileType = sourcecode.swift; path = ResetPasswordScreen.swift; sourceTree = "<group>"; };
		F9CCFFA72AD70CC6003F33EC /* ResetPasswordViewModel.swift */ = {isa = PBXFileReference; lastKnownFileType = sourcecode.swift; path = ResetPasswordViewModel.swift; sourceTree = "<group>"; };
		F9CCFFA92AD70E0E003F33EC /* ResetPasswordResponse.swift */ = {isa = PBXFileReference; lastKnownFileType = sourcecode.swift; path = ResetPasswordResponse.swift; sourceTree = "<group>"; };
		F9CCFFAC2AD718EE003F33EC /* CarRentailServices.swift */ = {isa = PBXFileReference; lastKnownFileType = sourcecode.swift; path = CarRentailServices.swift; sourceTree = "<group>"; };
		F9CCFFAE2AD719E3003F33EC /* SearchCarResponse.swift */ = {isa = PBXFileReference; lastKnownFileType = sourcecode.swift; path = SearchCarResponse.swift; sourceTree = "<group>"; };
		F9CCFFB22AD7234F003F33EC /* CarResultViewModel.swift */ = {isa = PBXFileReference; lastKnownFileType = sourcecode.swift; path = CarResultViewModel.swift; sourceTree = "<group>"; };
		F9D37FB92A40CBB1002D6817 /* GoogleService-Info.plist */ = {isa = PBXFileReference; fileEncoding = 4; lastKnownFileType = text.plist.xml; path = "GoogleService-Info.plist"; sourceTree = "<group>"; };
		F9D37FBB2A40D0B5002D6817 /* View+Extension.swift */ = {isa = PBXFileReference; lastKnownFileType = sourcecode.swift; path = "View+Extension.swift"; sourceTree = "<group>"; };
		F9F960072921492B00919CF9 /* SignUpScreen.swift */ = {isa = PBXFileReference; lastKnownFileType = sourcecode.swift; path = SignUpScreen.swift; sourceTree = "<group>"; };
		F9F9600A292156DE00919CF9 /* HomeScreen.swift */ = {isa = PBXFileReference; lastKnownFileType = sourcecode.swift; path = HomeScreen.swift; sourceTree = "<group>"; };
		F9F9600D2921585400919CF9 /* ImageName.swift */ = {isa = PBXFileReference; lastKnownFileType = sourcecode.swift; path = ImageName.swift; sourceTree = "<group>"; };
		F9F9600F29215F6000919CF9 /* ColorName.swift */ = {isa = PBXFileReference; lastKnownFileType = sourcecode.swift; path = ColorName.swift; sourceTree = "<group>"; };
		F9F960122922974D00919CF9 /* HomeViewModel.swift */ = {isa = PBXFileReference; lastKnownFileType = sourcecode.swift; path = HomeViewModel.swift; sourceTree = "<group>"; };
		F9F96019292298EC00919CF9 /* HomeDataMock.swift */ = {isa = PBXFileReference; lastKnownFileType = sourcecode.swift; path = HomeDataMock.swift; sourceTree = "<group>"; };
		F9F9601B29229BB600919CF9 /* ButtonSelect.swift */ = {isa = PBXFileReference; lastKnownFileType = sourcecode.swift; path = ButtonSelect.swift; sourceTree = "<group>"; };
		F9F9601D2923ED0C00919CF9 /* TextStyle.swift */ = {isa = PBXFileReference; lastKnownFileType = sourcecode.swift; path = TextStyle.swift; sourceTree = "<group>"; };
		F9F9601F2924042200919CF9 /* CarBoxView.swift */ = {isa = PBXFileReference; lastKnownFileType = sourcecode.swift; path = CarBoxView.swift; sourceTree = "<group>"; };
		F9FF9CEB2A5DC9EC006F95CC /* UserManager.swift */ = {isa = PBXFileReference; lastKnownFileType = sourcecode.swift; path = UserManager.swift; sourceTree = "<group>"; };
/* End PBXFileReference section */

/* Begin PBXFrameworksBuildPhase section */
		F9AB78CF291967E2005F4FF2 /* Frameworks */ = {
			isa = PBXFrameworksBuildPhase;
			buildActionMask = 2147483647;
			files = (
				F9FF9CF12A5DCAA1006F95CC /* FirebaseAuthCombine-Community in Frameworks */,
				F9FF9CF32A5DCAA1006F95CC /* FirebaseDatabase in Frameworks */,
				F9FF9CF92A5DCAA1006F95CC /* FirebaseFirestoreSwift in Frameworks */,
				F9FF9CF72A5DCAA1006F95CC /* FirebaseFirestoreCombine-Community in Frameworks */,
				F93818D72AE3E76300528B4F /* SDWebImageSwiftUI in Frameworks */,
				F9FF9CF52A5DCAA1006F95CC /* FirebaseFirestore in Frameworks */,
				F9FF9CEF2A5DCAA1006F95CC /* FirebaseAuth in Frameworks */,
				B1FF7845A820E5CBA9C998A0 /* Pods_Car_Rental_App.framework in Frameworks */,
			);
			runOnlyForDeploymentPostprocessing = 0;
		};
/* End PBXFrameworksBuildPhase section */

/* Begin PBXGroup section */
		8C4357FCD442A2B7223A65F1 /* Pods */ = {
			isa = PBXGroup;
			children = (
				D1540025C6E9C1E8C8C7705E /* Pods-Car Rental App.debug.xcconfig */,
				7DB082E3A563617B5D64AE02 /* Pods-Car Rental App.release.xcconfig */,
			);
			path = Pods;
			sourceTree = "<group>";
		};
		CB0246352A795106005F9B74 /* ViewModel */ = {
			isa = PBXGroup;
			children = (
				CB0246362A795125005F9B74 /* CarRentalViewModel.swift */,
				F98875172AC815A000BF7D6D /* CarRentailDetailViewModel.swift */,
			);
			path = ViewModel;
			sourceTree = "<group>";
		};
		CB0246382A795157005F9B74 /* Response */ = {
			isa = PBXGroup;
			children = (
				CB0246392A795168005F9B74 /* CarRentalResponse.swift */,
				F98875192AC815FB00BF7D6D /* CarRentailDetailRespone.swift */,
			);
			path = Response;
			sourceTree = "<group>";
		};
		CB6904BB2A76D85B001598AE /* CarRental */ = {
			isa = PBXGroup;
			children = (
				CB0246382A795157005F9B74 /* Response */,
				CB0246352A795106005F9B74 /* ViewModel */,
				CB6904BC2A76D894001598AE /* CarRentalScreen.swift */,
				F98875152AC8152800BF7D6D /* CarRentalDetailScreen.swift */,
			);
			path = CarRental;
			sourceTree = "<group>";
		};
		E814B860D843B76E262D425E /* Frameworks */ = {
			isa = PBXGroup;
			children = (
				672D5B76425892564F9927AD /* Pods_Car_Rental_App.framework */,
			);
			name = Frameworks;
			sourceTree = "<group>";
		};
		F90D9EFD29ABE7B100DED210 /* SupportFiles */ = {
			isa = PBXGroup;
			children = (
				F9D37FB92A40CBB1002D6817 /* GoogleService-Info.plist */,
				F94B14242932943900AC41A1 /* View+App.swift */,
				F9F9601D2923ED0C00919CF9 /* TextStyle.swift */,
				F9F9600D2921585400919CF9 /* ImageName.swift */,
				F9F9600F29215F6000919CF9 /* ColorName.swift */,
			);
			path = SupportFiles;
			sourceTree = "<group>";
		};
		F91807022A5034910084F113 /* AuthenticationManager */ = {
			isa = PBXGroup;
			children = (
				F91807082A5041FF0084F113 /* AuthenticationManager.swift */,
			);
			path = AuthenticationManager;
			sourceTree = "<group>";
		};
		F91807032A50385A0084F113 /* ViewModel */ = {
			isa = PBXGroup;
			children = (
				F91807042A5038FC0084F113 /* SignUpViewModel.swift */,
				F91807062A5039090084F113 /* SignInViewModel.swift */,
				F96D185E2A55DDDD0059D609 /* ForgotPasswordViewModel.swift */,
				F9CCFFA72AD70CC6003F33EC /* ResetPasswordViewModel.swift */,
			);
			path = ViewModel;
			sourceTree = "<group>";
		};
		F927225B29AB90050033066C /* Common */ = {
			isa = PBXGroup;
			children = (
				F9CCFF9E2AD6F862003F33EC /* Toast */,
				F932B4542A484DA300E6FDFB /* Button */,
				F9770A9329BE361500596443 /* SwiftUI */,
				F9770A8729BE2DD500596443 /* Constants */,
				F9770A8429BE253200596443 /* Extension */,
				F9770A5829B4755A00596443 /* Indicator */,
			);
			path = Common;
			sourceTree = "<group>";
		};
		F932B43A2A48431B00E6FDFB /* Fonts */ = {
			isa = PBXGroup;
			children = (
				F932B4462A48461600E6FDFB /* Roboto */,
			);
			path = Fonts;
			sourceTree = "<group>";
		};
		F932B4412A4843F100E6FDFB /* Resources */ = {
			isa = PBXGroup;
			children = (
				F96D18542A55D3410059D609 /* String */,
				F9AB78D9291967E3005F4FF2 /* Assets.xcassets */,
				F932B43A2A48431B00E6FDFB /* Fonts */,
			);
			path = Resources;
			sourceTree = "<group>";
		};
		F932B4462A48461600E6FDFB /* Roboto */ = {
			isa = PBXGroup;
			children = (
				F990089B2A76B6B20084A390 /* Roboto-Black.ttf */,
				F932B43D2A4843AC00E6FDFB /* Roboto-Bold.ttf */,
				F932B43C2A4843AC00E6FDFB /* Roboto-Medium.ttf */,
				F932B43B2A4843AC00E6FDFB /* Roboto-Regular.ttf */,
				F99008972A76B69B0084A390 /* Roboto-Light.ttf */,
				F99008992A76B6AB0084A390 /* Roboto-Thin.ttf */,
			);
			path = Roboto;
			sourceTree = "<group>";
		};
		F932B4542A484DA300E6FDFB /* Button */ = {
			isa = PBXGroup;
			children = (
				F932B4552A484DB600E6FDFB /* GhostButton.swift */,
				F9780D9C2A78143B007BC5CE /* ButtonAuth.swift */,
			);
			path = Button;
			sourceTree = "<group>";
		};
		F94B14282933173600AC41A1 /* NavigationBar */ = {
			isa = PBXGroup;
			children = (
				F97BCFCA2AC5C45D00E2996E /* BottomSheet */,
				F99CB8E72940FB7100B6E38A /* BaseNavigationView.swift */,
				F99CB8E92940FBA600B6E38A /* BackHeader.swift */,
			);
			path = NavigationBar;
			sourceTree = "<group>";
		};
		F94B14372936723B00AC41A1 /* Cart */ = {
			isa = PBXGroup;
			children = (
				F99CB8F02945D40E00B6E38A /* Model */,
				F99CB8EF2945D3F100B6E38A /* ViewModel */,
				F94B143D2937D2CD00AC41A1 /* View */,
				F94B14382936725000AC41A1 /* Screen */,
			);
			path = Cart;
			sourceTree = "<group>";
		};
		F94B14382936725000AC41A1 /* Screen */ = {
			isa = PBXGroup;
			children = (
				F94B14392936734200AC41A1 /* CartScreen.swift */,
				F99CB8EB29424BF900B6E38A /* PaymentScreen.swift */,
				F99CB8ED2945CF8000B6E38A /* PaymentMethodScreen.swift */,
				F99CB8F7294647BF00B6E38A /* PurchaseScreen.swift */,
			);
			path = Screen;
			sourceTree = "<group>";
		};
		F94B143D2937D2CD00AC41A1 /* View */ = {
			isa = PBXGroup;
			children = (
				F94B143B2937D2BF00AC41A1 /* CartItem.swift */,
				F99CB8F52946325C00B6E38A /* TextFieldCustom.swift */,
			);
			path = View;
			sourceTree = "<group>";
		};
		F9522864292A910500AFF79B /* Profile */ = {
			isa = PBXGroup;
			children = (
				F9522869292A9EAF00AFF79B /* ViewModel */,
				F9522866292A913300AFF79B /* View */,
				F9522865292A912C00AFF79B /* Screen */,
			);
			path = Profile;
			sourceTree = "<group>";
		};
		F9522865292A912C00AFF79B /* Screen */ = {
			isa = PBXGroup;
			children = (
				F9522867292A93BB00AFF79B /* ProfileScreen.swift */,
				F94B14262933138600AC41A1 /* MyProfileScreen.swift */,
				F9A89617293920B4005BB896 /* AboutUsScreen.swift */,
				F932B4572A489DA600E6FDFB /* SettingScreen.swift */,
			);
			path = Screen;
			sourceTree = "<group>";
		};
		F9522866292A913300AFF79B /* View */ = {
			isa = PBXGroup;
			children = (
				F952286F292AA2F900AFF79B /* ButtonProfile.swift */,
			);
			path = View;
			sourceTree = "<group>";
		};
		F9522869292A9EAF00AFF79B /* ViewModel */ = {
			isa = PBXGroup;
			children = (
				F952286A292A9EDC00AFF79B /* ProfileViewModel.swift */,
				F9CCA88F2A63DFB200660663 /* MyProfileViewModel.swift */,
			);
			path = ViewModel;
			sourceTree = "<group>";
		};
		F96D18542A55D3410059D609 /* String */ = {
			isa = PBXGroup;
			children = (
				F96D18592A55D38B0059D609 /* Localizable.strings */,
			);
			path = String;
			sourceTree = "<group>";
		};
		F96D185A2A55D4BA0059D609 /* View */ = {
			isa = PBXGroup;
			children = (
				F9D37FBB2A40D0B5002D6817 /* View+Extension.swift */,
			);
			path = View;
			sourceTree = "<group>";
		};
		F96D185B2A55D4C30059D609 /* Foundation */ = {
			isa = PBXGroup;
			children = (
				F9770A9A29BE38D100596443 /* Double+Extension.swift */,
				F9770A8529BE255C00596443 /* String+Extension.swift */,
				F92D4D642A9BA38F00F33AFF /* Date+Extension.swift */,
				F99AA8912ACB35370063EA6E /* Dictionary+Extension.swift */,
				F99AA8952ACB367A0063EA6E /* Data+Extension.swift */,
				F91B26D32ADBF403000DA91C /* Int+Extension.swift */,
			);
			path = Foundation;
			sourceTree = "<group>";
		};
		F9770A5329B474A200596443 /* App */ = {
			isa = PBXGroup;
			children = (
				F9AB78D5291967E2005F4FF2 /* CarRentalApp.swift */,
				F9770A5629B474FA00596443 /* LoadingViewModel.swift */,
				F9770A8C29BE317700596443 /* AppDataManager.swift */,
				F9CCFF9A2AD6F603003F33EC /* AppViewModel.swift */,
			);
			path = App;
			sourceTree = "<group>";
		};
		F9770A5829B4755A00596443 /* Indicator */ = {
			isa = PBXGroup;
			children = (
				F9770A5B29B4762500596443 /* LoadingView.swift */,
			);
			path = Indicator;
			sourceTree = "<group>";
		};
		F9770A5D29B476C300596443 /* Core */ = {
			isa = PBXGroup;
			children = (
				F99AA8852ACB32370063EA6E /* Ultis */,
				F97BCFCF2AC5E0EC00E2996E /* Navigator */,
				F9770A9629BE36FC00596443 /* SwiftUI */,
				F9770A8E29BE333A00596443 /* UIKit */,
				F9770A5E29B476DA00596443 /* Extension.swift */,
				F9770A8A29BE305800596443 /* PopupHandle.swift */,
			);
			path = Core;
			sourceTree = "<group>";
		};
		F9770A8429BE253200596443 /* Extension */ = {
			isa = PBXGroup;
			children = (
				F96D185B2A55D4C30059D609 /* Foundation */,
				F96D185A2A55D4BA0059D609 /* View */,
			);
			path = Extension;
			sourceTree = "<group>";
		};
		F9770A8729BE2DD500596443 /* Constants */ = {
			isa = PBXGroup;
			children = (
				F952286D292A9FD600AFF79B /* Enum.swift */,
				F9770A8829BE2E0400596443 /* Constant.swift */,
			);
			path = Constants;
			sourceTree = "<group>";
		};
		F9770A8E29BE333A00596443 /* UIKit */ = {
			isa = PBXGroup;
			children = (
				F9847EE62A795BCB0065088C /* AttributedString+Extension.swift */,
				F9770A8F29BE335B00596443 /* UIApplication+Extension.swift */,
				F9770A9129BE34B500596443 /* DispatchQueue+Extension.swift */,
			);
			path = UIKit;
			sourceTree = "<group>";
		};
		F9770A9329BE361500596443 /* SwiftUI */ = {
			isa = PBXGroup;
			children = (
				F9770A9429BE362A00596443 /* ConfirmDialog.swift */,
			);
			path = SwiftUI;
			sourceTree = "<group>";
		};
		F9770A9629BE36FC00596443 /* SwiftUI */ = {
			isa = PBXGroup;
			children = (
				F9770A9729BE371400596443 /* Line.swift */,
				F9847EE82A795E310065088C /* LabelCustom.swift */,
			);
			path = SwiftUI;
			sourceTree = "<group>";
		};
		F97BCFCA2AC5C45D00E2996E /* BottomSheet */ = {
			isa = PBXGroup;
			children = (
				F97BCFCB2AC5C47F00E2996E /* BottomSheet.swift */,
			);
			path = BottomSheet;
			sourceTree = "<group>";
		};
		F97BCFCF2AC5E0EC00E2996E /* Navigator */ = {
			isa = PBXGroup;
			children = (
				F97BCFD02AC5E12C00E2996E /* AppNavigator.swift */,
				F97BCFD22AC5E15D00E2996E /* NavigationManager.swift */,
			);
			path = Navigator;
			sourceTree = "<group>";
		};
		F98875102AC8124B00BF7D6D /* User */ = {
			isa = PBXGroup;
			children = (
				F9AB78E329196BA5005F4FF2 /* Login */,
				F9F960092921568C00919CF9 /* Home */,
				F9522864292A910500AFF79B /* Profile */,
				CB6904BB2A76D85B001598AE /* CarRental */,
				F94B14372936723B00AC41A1 /* Cart */,
			);
			path = User;
			sourceTree = "<group>";
		};
		F98875112AC8129F00BF7D6D /* Admin */ = {
			isa = PBXGroup;
			children = (
				F98875132AC812E700BF7D6D /* AdminHomeScreen.swift */,
			);
			path = Admin;
			sourceTree = "<group>";
		};
		F99AA8732ACB2E250063EA6E /* Services */ = {
			isa = PBXGroup;
			children = (
				F99AA8972ACB38630063EA6E /* AuthServices */,
				F9CCFFAB2AD718BD003F33EC /* CarRentailServices */,
				F99AA87B2ACB2EB70063EA6E /* Response */,
				F99AA87A2ACB2E960063EA6E /* Common */,
			);
			path = Services;
			sourceTree = "<group>";
		};
		F99AA87A2ACB2E960063EA6E /* Common */ = {
			isa = PBXGroup;
			children = (
				F99AA8932ACB36440063EA6E /* KeyChain.swift */,
				F99AA88A2ACB339D0063EA6E /* BaseAlertBuilder.swift */,
				F99AA88B2ACB339D0063EA6E /* PopupHelper.swift */,
				F99AA8882ACB32DF0063EA6E /* HandleResponse.swift */,
				F99AA8782ACB2E880063EA6E /* ClientNetwork.swift */,
				F99AA8742ACB2E540063EA6E /* EndPoint.swift */,
				F99AA8762ACB2E6B0063EA6E /* Headers.swift */,
				F99AA8812ACB311C0063EA6E /* Configs.swift */,
				F99AA8832ACB31AD0063EA6E /* Enum+Client.swift */,
			);
			path = Common;
			sourceTree = "<group>";
		};
		F99AA87B2ACB2EB70063EA6E /* Response */ = {
			isa = PBXGroup;
			children = (
				F9CCFFB12AD71A03003F33EC /* CarRental */,
				F9CCFFB02AD719EC003F33EC /* Auth */,
			);
			path = Response;
			sourceTree = "<group>";
		};
		F99AA8852ACB32370063EA6E /* Ultis */ = {
			isa = PBXGroup;
			children = (
				F99AA8862ACB32580063EA6E /* Ultis.swift */,
			);
			path = Ultis;
			sourceTree = "<group>";
		};
		F99AA88E2ACB34E70063EA6E /* UserDefault */ = {
			isa = PBXGroup;
			children = (
				F99AA88F2ACB34F90063EA6E /* UserDefaultCustom.swift */,
			);
			path = UserDefault;
			sourceTree = "<group>";
		};
		F99AA8972ACB38630063EA6E /* AuthServices */ = {
			isa = PBXGroup;
			children = (
				F99AA8982ACB38860063EA6E /* AuthServices.swift */,
			);
			path = AuthServices;
			sourceTree = "<group>";
		};
		F99CB8EF2945D3F100B6E38A /* ViewModel */ = {
			isa = PBXGroup;
			children = (
				F99CB8F12945D42100B6E38A /* CartViewModel.swift */,
				F93F85DA2A7AB86F009EFADA /* SuccessViewModel.swift */,
			);
			path = ViewModel;
			sourceTree = "<group>";
		};
		F99CB8F02945D40E00B6E38A /* Model */ = {
			isa = PBXGroup;
			children = (
				F99CB8F32945D43000B6E38A /* CartModel.swift */,
			);
			path = Model;
			sourceTree = "<group>";
		};
		F9AB78C9291967E2005F4FF2 = {
			isa = PBXGroup;
			children = (
				F9AB78D4291967E2005F4FF2 /* Car Rental App */,
				F9AB78D3291967E2005F4FF2 /* Products */,
				8C4357FCD442A2B7223A65F1 /* Pods */,
				E814B860D843B76E262D425E /* Frameworks */,
			);
			sourceTree = "<group>";
		};
		F9AB78D3291967E2005F4FF2 /* Products */ = {
			isa = PBXGroup;
			children = (
				F9AB78D2291967E2005F4FF2 /* Car Rental App.app */,
			);
			name = Products;
			sourceTree = "<group>";
		};
		F9AB78D4291967E2005F4FF2 /* Car Rental App */ = {
			isa = PBXGroup;
			children = (
				F99AA88E2ACB34E70063EA6E /* UserDefault */,
				F99AA8732ACB2E250063EA6E /* Services */,
				F9770A5329B474A200596443 /* App */,
				F98875112AC8129F00BF7D6D /* Admin */,
				F98875102AC8124B00BF7D6D /* User */,
				F9770A5D29B476C300596443 /* Core */,
				F927225B29AB90050033066C /* Common */,
				F94B14282933173600AC41A1 /* NavigationBar */,
				F9FF9CEA2A5DC9C9006F95CC /* Firestore */,
				F9F960142922977400919CF9 /* MockData */,
				F932B4412A4843F100E6FDFB /* Resources */,
				F9AB78DB291967E3005F4FF2 /* Preview Content */,
				F90D9EFD29ABE7B100DED210 /* SupportFiles */,
			);
			path = "Car Rental App";
			sourceTree = "<group>";
		};
		F9AB78DB291967E3005F4FF2 /* Preview Content */ = {
			isa = PBXGroup;
			children = (
				F9AB78DC291967E3005F4FF2 /* Preview Assets.xcassets */,
			);
			path = "Preview Content";
			sourceTree = "<group>";
		};
		F9AB78E329196BA5005F4FF2 /* Login */ = {
			isa = PBXGroup;
			children = (
				F91807032A50385A0084F113 /* ViewModel */,
				F9AB78EA291AB9B0005F4FF2 /* View */,
				F9AB78E429196BB3005F4FF2 /* Screen */,
			);
			path = Login;
			sourceTree = "<group>";
		};
		F9AB78E429196BB3005F4FF2 /* Screen */ = {
			isa = PBXGroup;
			children = (
				F9F960072921492B00919CF9 /* SignUpScreen.swift */,
				F9AB78E629196C17005F4FF2 /* GetStartedScreen.swift */,
				F9AB78E8291AAFCC005F4FF2 /* SignInScreen.swift */,
				F9770A8229BC3ABA00596443 /* ForgotPasswordScreen.swift */,
				F9CCFFA52AD70AFF003F33EC /* ResetPasswordScreen.swift */,
			);
			path = Screen;
			sourceTree = "<group>";
		};
		F9AB78EA291AB9B0005F4FF2 /* View */ = {
			isa = PBXGroup;
			children = (
				F9AB78EB291AB9CF005F4FF2 /* TextFieldView.swift */,
				F9AB78ED291AC680005F4FF2 /* SecureTextFieldView.swift */,
			);
			path = View;
			sourceTree = "<group>";
		};
		F9CCFF9E2AD6F862003F33EC /* Toast */ = {
			isa = PBXGroup;
			children = (
				F9CCFF9F2AD6F880003F33EC /* StatusToast.swift */,
				F9CCFFA12AD6F89E003F33EC /* ToastView.swift */,
			);
			path = Toast;
			sourceTree = "<group>";
		};
		F9CCFFAB2AD718BD003F33EC /* CarRentailServices */ = {
			isa = PBXGroup;
			children = (
				F9CCFFAC2AD718EE003F33EC /* CarRentailServices.swift */,
			);
			path = CarRentailServices;
			sourceTree = "<group>";
		};
		F9CCFFB02AD719EC003F33EC /* Auth */ = {
			isa = PBXGroup;
			children = (
				F9CCFFA92AD70E0E003F33EC /* ResetPasswordResponse.swift */,
				F9CCFFA32AD70957003F33EC /* ForgotPasswordResponse.swift */,
				F99AA87E2ACB2FB30063EA6E /* LoginResponse.swift */,
				F99AA87C2ACB2F900063EA6E /* RegisterResponse.swift */,
			);
			path = Auth;
			sourceTree = "<group>";
		};
		F9CCFFB12AD71A03003F33EC /* CarRental */ = {
			isa = PBXGroup;
			children = (
				F9CCFFAE2AD719E3003F33EC /* SearchCarResponse.swift */,
				F93818DA2AE3F80A00528B4F /* CarDetailResponse.swift */,
				F93818DC2AE4132500528B4F /* CarRentalSubmitResponse.swift */,
			);
			path = CarRental;
			sourceTree = "<group>";
		};
		F9F960092921568C00919CF9 /* Home */ = {
			isa = PBXGroup;
			children = (
				F9F96015292297B100919CF9 /* View */,
				F9F96011292296E600919CF9 /* ViewModel */,
				F9F9600C292156FA00919CF9 /* Screen */,
			);
			path = Home;
			sourceTree = "<group>";
		};
		F9F9600C292156FA00919CF9 /* Screen */ = {
			isa = PBXGroup;
			children = (
				F9F9600A292156DE00919CF9 /* HomeScreen.swift */,
				F97294142927E2C200E89C68 /* CarResultScreen.swift */,
				F97294162927E2E200E89C68 /* CarDetailScreen.swift */,
				F92D4D622A9B90BA00F33AFF /* CarRentalConfirmationScreen.swift */,
				F92843DE2AC57B1200208322 /* TestBottomSheet.swift */,
			);
			path = Screen;
			sourceTree = "<group>";
		};
		F9F96011292296E600919CF9 /* ViewModel */ = {
			isa = PBXGroup;
			children = (
				F9F960122922974D00919CF9 /* HomeViewModel.swift */,
				F9CCFFB22AD7234F003F33EC /* CarResultViewModel.swift */,
				F93818D82AE3F42200528B4F /* CarDetailViewModel.swift */,
				F93818DE2AE4138400528B4F /* CarRentalSubmitViewModel.swift */,
			);
			path = ViewModel;
			sourceTree = "<group>";
		};
		F9F960142922977400919CF9 /* MockData */ = {
			isa = PBXGroup;
			children = (
				F9F96019292298EC00919CF9 /* HomeDataMock.swift */,
			);
			path = MockData;
			sourceTree = "<group>";
		};
		F9F96015292297B100919CF9 /* View */ = {
			isa = PBXGroup;
			children = (
				F9F9601B29229BB600919CF9 /* ButtonSelect.swift */,
				F9F9601F2924042200919CF9 /* CarBoxView.swift */,
				F9522862292A861500AFF79B /* SearchView.swift */,
				F9770A9C29C0D81C00596443 /* CarDecriptionView.swift */,
				F9780D9A2A780ED8007BC5CE /* SearchBar.swift */,
				F91E43122A89375500898074 /* CarPreviewView.swift */,
				F99DF23B2A921EB80071A636 /* DatePickerTextField.swift */,
			);
			path = View;
			sourceTree = "<group>";
		};
		F9FF9CEA2A5DC9C9006F95CC /* Firestore */ = {
			isa = PBXGroup;
			children = (
				F91807022A5034910084F113 /* AuthenticationManager */,
				F9FF9CEB2A5DC9EC006F95CC /* UserManager.swift */,
			);
			path = Firestore;
			sourceTree = "<group>";
		};
/* End PBXGroup section */

/* Begin PBXNativeTarget section */
		F9AB78D1291967E2005F4FF2 /* Car Rental App */ = {
			isa = PBXNativeTarget;
			buildConfigurationList = F9AB78E0291967E3005F4FF2 /* Build configuration list for PBXNativeTarget "Car Rental App" */;
			buildPhases = (
				132FB8CFE5CE4CEC7C205C81 /* [CP] Check Pods Manifest.lock */,
				F9AB78CE291967E2005F4FF2 /* Sources */,
				F9AB78CF291967E2005F4FF2 /* Frameworks */,
				F9AB78D0291967E2005F4FF2 /* Resources */,
				550C31DD61CA4BCC3870A2E2 /* [CP] Embed Pods Frameworks */,
			);
			buildRules = (
			);
			dependencies = (
			);
			name = "Car Rental App";
			packageProductDependencies = (
				F9FF9CEE2A5DCAA1006F95CC /* FirebaseAuth */,
				F9FF9CF02A5DCAA1006F95CC /* FirebaseAuthCombine-Community */,
				F9FF9CF22A5DCAA1006F95CC /* FirebaseDatabase */,
				F9FF9CF42A5DCAA1006F95CC /* FirebaseFirestore */,
				F9FF9CF62A5DCAA1006F95CC /* FirebaseFirestoreCombine-Community */,
				F9FF9CF82A5DCAA1006F95CC /* FirebaseFirestoreSwift */,
				F93818D62AE3E76300528B4F /* SDWebImageSwiftUI */,
			);
			productName = "Car Rental App";
			productReference = F9AB78D2291967E2005F4FF2 /* Car Rental App.app */;
			productType = "com.apple.product-type.application";
		};
/* End PBXNativeTarget section */

/* Begin PBXProject section */
		F9AB78CA291967E2005F4FF2 /* Project object */ = {
			isa = PBXProject;
			attributes = {
				BuildIndependentTargetsInParallel = 1;
				LastSwiftUpdateCheck = 1410;
				LastUpgradeCheck = 1410;
				TargetAttributes = {
					F9AB78D1291967E2005F4FF2 = {
						CreatedOnToolsVersion = 14.1;
					};
				};
			};
			buildConfigurationList = F9AB78CD291967E2005F4FF2 /* Build configuration list for PBXProject "Car Rental App" */;
			compatibilityVersion = "Xcode 14.0";
			developmentRegion = en;
			hasScannedForEncodings = 0;
			knownRegions = (
				en,
				Base,
			);
			mainGroup = F9AB78C9291967E2005F4FF2;
			packageReferences = (
				F9FF9CED2A5DCAA1006F95CC /* XCRemoteSwiftPackageReference "firebase-ios-sdk" */,
				F93818D52AE3E76300528B4F /* XCRemoteSwiftPackageReference "SDWebImageSwiftUI" */,
			);
			productRefGroup = F9AB78D3291967E2005F4FF2 /* Products */;
			projectDirPath = "";
			projectRoot = "";
			targets = (
				F9AB78D1291967E2005F4FF2 /* Car Rental App */,
			);
		};
/* End PBXProject section */

/* Begin PBXResourcesBuildPhase section */
		F9AB78D0291967E2005F4FF2 /* Resources */ = {
			isa = PBXResourcesBuildPhase;
			buildActionMask = 2147483647;
			files = (
				F932B43F2A4843AC00E6FDFB /* Roboto-Medium.ttf in Resources */,
				F9AB78DD291967E3005F4FF2 /* Preview Assets.xcassets in Resources */,
				F99008982A76B69B0084A390 /* Roboto-Light.ttf in Resources */,
				F932B4402A4843AC00E6FDFB /* Roboto-Bold.ttf in Resources */,
				F9AB78DA291967E3005F4FF2 /* Assets.xcassets in Resources */,
				F990089A2A76B6AB0084A390 /* Roboto-Thin.ttf in Resources */,
				F932B43E2A4843AC00E6FDFB /* Roboto-Regular.ttf in Resources */,
				F990089C2A76B6B50084A390 /* Roboto-Black.ttf in Resources */,
				F96D18572A55D38B0059D609 /* Localizable.strings in Resources */,
				F9D37FBA2A40CBB1002D6817 /* GoogleService-Info.plist in Resources */,
			);
			runOnlyForDeploymentPostprocessing = 0;
		};
/* End PBXResourcesBuildPhase section */

/* Begin PBXShellScriptBuildPhase section */
		132FB8CFE5CE4CEC7C205C81 /* [CP] Check Pods Manifest.lock */ = {
			isa = PBXShellScriptBuildPhase;
			buildActionMask = 2147483647;
			files = (
			);
			inputFileListPaths = (
			);
			inputPaths = (
				"${PODS_PODFILE_DIR_PATH}/Podfile.lock",
				"${PODS_ROOT}/Manifest.lock",
			);
			name = "[CP] Check Pods Manifest.lock";
			outputFileListPaths = (
			);
			outputPaths = (
				"$(DERIVED_FILE_DIR)/Pods-Car Rental App-checkManifestLockResult.txt",
			);
			runOnlyForDeploymentPostprocessing = 0;
			shellPath = /bin/sh;
			shellScript = "diff \"${PODS_PODFILE_DIR_PATH}/Podfile.lock\" \"${PODS_ROOT}/Manifest.lock\" > /dev/null\nif [ $? != 0 ] ; then\n    # print error to STDERR\n    echo \"error: The sandbox is not in sync with the Podfile.lock. Run 'pod install' or update your CocoaPods installation.\" >&2\n    exit 1\nfi\n# This output is used by Xcode 'outputs' to avoid re-running this script phase.\necho \"SUCCESS\" > \"${SCRIPT_OUTPUT_FILE_0}\"\n";
			showEnvVarsInLog = 0;
		};
		550C31DD61CA4BCC3870A2E2 /* [CP] Embed Pods Frameworks */ = {
			isa = PBXShellScriptBuildPhase;
			buildActionMask = 2147483647;
			files = (
			);
			inputFileListPaths = (
				"${PODS_ROOT}/Target Support Files/Pods-Car Rental App/Pods-Car Rental App-frameworks-${CONFIGURATION}-input-files.xcfilelist",
			);
			name = "[CP] Embed Pods Frameworks";
			outputFileListPaths = (
				"${PODS_ROOT}/Target Support Files/Pods-Car Rental App/Pods-Car Rental App-frameworks-${CONFIGURATION}-output-files.xcfilelist",
			);
			runOnlyForDeploymentPostprocessing = 0;
			shellPath = /bin/sh;
			shellScript = "\"${PODS_ROOT}/Target Support Files/Pods-Car Rental App/Pods-Car Rental App-frameworks.sh\"\n";
			showEnvVarsInLog = 0;
		};
/* End PBXShellScriptBuildPhase section */

/* Begin PBXSourcesBuildPhase section */
		F9AB78CE291967E2005F4FF2 /* Sources */ = {
			isa = PBXSourcesBuildPhase;
			buildActionMask = 2147483647;
			files = (
				F9CCFFA82AD70CC6003F33EC /* ResetPasswordViewModel.swift in Sources */,
				F93818DF2AE4138400528B4F /* CarRentalSubmitViewModel.swift in Sources */,
				F99CB8F42945D43000B6E38A /* CartModel.swift in Sources */,
				F9F9601E2923ED0C00919CF9 /* TextStyle.swift in Sources */,
				F9A89618293920B4005BB896 /* AboutUsScreen.swift in Sources */,
				F9522868292A93BB00AFF79B /* ProfileScreen.swift in Sources */,
				F92843DF2AC57B1200208322 /* TestBottomSheet.swift in Sources */,
				F9CCFFAD2AD718EE003F33EC /* CarRentailServices.swift in Sources */,
				F99AA8842ACB31AD0063EA6E /* Enum+Client.swift in Sources */,
				F99AA8792ACB2E880063EA6E /* ClientNetwork.swift in Sources */,
				F9770A9D29C0D81C00596443 /* CarDecriptionView.swift in Sources */,
				F97294152927E2C200E89C68 /* CarResultScreen.swift in Sources */,
				F9770A8D29BE317700596443 /* AppDataManager.swift in Sources */,
				F9847EE92A795E310065088C /* LabelCustom.swift in Sources */,
				F9F9601029215F6000919CF9 /* ColorName.swift in Sources */,
				F99CB8EA2940FBA600B6E38A /* BackHeader.swift in Sources */,
				F9780D9D2A78143B007BC5CE /* ButtonAuth.swift in Sources */,
				F99DF23C2A921EB80071A636 /* DatePickerTextField.swift in Sources */,
				F99AA8992ACB38860063EA6E /* AuthServices.swift in Sources */,
				F99CB8F22945D42100B6E38A /* CartViewModel.swift in Sources */,
				CB0246372A795125005F9B74 /* CarRentalViewModel.swift in Sources */,
				F99AA8872ACB32580063EA6E /* Ultis.swift in Sources */,
				F9522863292A861500AFF79B /* SearchView.swift in Sources */,
				F9F960132922974D00919CF9 /* HomeViewModel.swift in Sources */,
				F9FF9CEC2A5DC9EC006F95CC /* UserManager.swift in Sources */,
				F9770A5F29B476DA00596443 /* Extension.swift in Sources */,
				F99CB8EC29424BF900B6E38A /* PaymentScreen.swift in Sources */,
				F9CCFF9B2AD6F603003F33EC /* AppViewModel.swift in Sources */,
				F93818DD2AE4132500528B4F /* CarRentalSubmitResponse.swift in Sources */,
				F98875142AC812E700BF7D6D /* AdminHomeScreen.swift in Sources */,
				F9CCFFA02AD6F880003F33EC /* StatusToast.swift in Sources */,
				F988751A2AC815FB00BF7D6D /* CarRentailDetailRespone.swift in Sources */,
				F99AA8962ACB367A0063EA6E /* Data+Extension.swift in Sources */,
				F99AA87D2ACB2F900063EA6E /* RegisterResponse.swift in Sources */,
				F9770A5729B474FA00596443 /* LoadingViewModel.swift in Sources */,
				F9780D9B2A780ED8007BC5CE /* SearchBar.swift in Sources */,
				F93F85DB2A7AB86F009EFADA /* SuccessViewModel.swift in Sources */,
				F93818D92AE3F42200528B4F /* CarDetailViewModel.swift in Sources */,
				F93818DB2AE3F80A00528B4F /* CarDetailResponse.swift in Sources */,
				F9CCFFAF2AD719E3003F33EC /* SearchCarResponse.swift in Sources */,
				F952286E292A9FD600AFF79B /* Enum.swift in Sources */,
				F9F9601C29229BB600919CF9 /* ButtonSelect.swift in Sources */,
				F98875182AC815A000BF7D6D /* CarRentailDetailViewModel.swift in Sources */,
				F99AA8892ACB32DF0063EA6E /* HandleResponse.swift in Sources */,
				F99AA8922ACB35370063EA6E /* Dictionary+Extension.swift in Sources */,
				F9F960202924042200919CF9 /* CarBoxView.swift in Sources */,
				F99CB8F62946325C00B6E38A /* TextFieldCustom.swift in Sources */,
				F97BCFD32AC5E15D00E2996E /* NavigationManager.swift in Sources */,
				F9CCA8902A63DFB200660663 /* MyProfileViewModel.swift in Sources */,
				F9CCFFAA2AD70E0E003F33EC /* ResetPasswordResponse.swift in Sources */,
				CB02463A2A795168005F9B74 /* CarRentalResponse.swift in Sources */,
				F932B4582A489DA600E6FDFB /* SettingScreen.swift in Sources */,
				F9770A8B29BE305800596443 /* PopupHandle.swift in Sources */,
				F99AA88D2ACB339D0063EA6E /* PopupHelper.swift in Sources */,
				F9847EE72A795BCB0065088C /* AttributedString+Extension.swift in Sources */,
				F99AA8772ACB2E6B0063EA6E /* Headers.swift in Sources */,
				F9CCFFA22AD6F89E003F33EC /* ToastView.swift in Sources */,
				F99AA8942ACB36440063EA6E /* KeyChain.swift in Sources */,
				F9D37FBC2A40D0B5002D6817 /* View+Extension.swift in Sources */,
				F91B26D42ADBF403000DA91C /* Int+Extension.swift in Sources */,
				F94B143C2937D2BF00AC41A1 /* CartItem.swift in Sources */,
				F9AB78EC291AB9CF005F4FF2 /* TextFieldView.swift in Sources */,
				F94B14272933138600AC41A1 /* MyProfileScreen.swift in Sources */,
				F99AA8752ACB2E540063EA6E /* EndPoint.swift in Sources */,
				F9F960082921492B00919CF9 /* SignUpScreen.swift in Sources */,
				F9F9600E2921585400919CF9 /* ImageName.swift in Sources */,
				F9770A8629BE255C00596443 /* String+Extension.swift in Sources */,
				F99CB8EE2945CF8000B6E38A /* PaymentMethodScreen.swift in Sources */,
				F99CB8E82940FB7100B6E38A /* BaseNavigationView.swift in Sources */,
				F97BCFCC2AC5C47F00E2996E /* BottomSheet.swift in Sources */,
				F9CCFFB32AD7234F003F33EC /* CarResultViewModel.swift in Sources */,
				F99AA88C2ACB339D0063EA6E /* BaseAlertBuilder.swift in Sources */,
				F99AA8902ACB34F90063EA6E /* UserDefaultCustom.swift in Sources */,
				F9770A9829BE371400596443 /* Line.swift in Sources */,
				F9770A9B29BE38D100596443 /* Double+Extension.swift in Sources */,
				F9AB78E9291AAFCC005F4FF2 /* SignInScreen.swift in Sources */,
				CB6904BD2A76D894001598AE /* CarRentalScreen.swift in Sources */,
				F91E43132A89375500898074 /* CarPreviewView.swift in Sources */,
				F91807072A5039090084F113 /* SignInViewModel.swift in Sources */,
				F9522870292AA2F900AFF79B /* ButtonProfile.swift in Sources */,
				F9CCFFA62AD70AFF003F33EC /* ResetPasswordScreen.swift in Sources */,
				F9770A8929BE2E0400596443 /* Constant.swift in Sources */,
				F9F9600B292156DE00919CF9 /* HomeScreen.swift in Sources */,
				F9AB78D6291967E2005F4FF2 /* CarRentalApp.swift in Sources */,
				F99AA87F2ACB2FB30063EA6E /* LoginResponse.swift in Sources */,
				F92D4D652A9BA38F00F33AFF /* Date+Extension.swift in Sources */,
				F99CB8F8294647BF00B6E38A /* PurchaseScreen.swift in Sources */,
				F91807092A5041FF0084F113 /* AuthenticationManager.swift in Sources */,
				F94B14252932943900AC41A1 /* View+App.swift in Sources */,
				F91807052A5038FC0084F113 /* SignUpViewModel.swift in Sources */,
				F9770A5C29B4762500596443 /* LoadingView.swift in Sources */,
				F9770A9229BE34B500596443 /* DispatchQueue+Extension.swift in Sources */,
				F9770A9529BE362A00596443 /* ConfirmDialog.swift in Sources */,
				F9770A9029BE335B00596443 /* UIApplication+Extension.swift in Sources */,
				F9AB78E729196C17005F4FF2 /* GetStartedScreen.swift in Sources */,
				F952286B292A9EDC00AFF79B /* ProfileViewModel.swift in Sources */,
				F96D185F2A55DDDD0059D609 /* ForgotPasswordViewModel.swift in Sources */,
				F9AB78EE291AC680005F4FF2 /* SecureTextFieldView.swift in Sources */,
				F97BCFD12AC5E12C00E2996E /* AppNavigator.swift in Sources */,
				F98875162AC8152800BF7D6D /* CarRentalDetailScreen.swift in Sources */,
				F92D4D632A9B90BA00F33AFF /* CarRentalConfirmationScreen.swift in Sources */,
				F94B143A2936734200AC41A1 /* CartScreen.swift in Sources */,
				F99AA8822ACB311C0063EA6E /* Configs.swift in Sources */,
				F9F9601A292298EC00919CF9 /* HomeDataMock.swift in Sources */,
				F932B4562A484DB600E6FDFB /* GhostButton.swift in Sources */,
				F97294172927E2E200E89C68 /* CarDetailScreen.swift in Sources */,
				F9770A8329BC3ABA00596443 /* ForgotPasswordScreen.swift in Sources */,
				F9CCFFA42AD70957003F33EC /* ForgotPasswordResponse.swift in Sources */,
			);
			runOnlyForDeploymentPostprocessing = 0;
		};
/* End PBXSourcesBuildPhase section */

/* Begin PBXVariantGroup section */
		F96D18592A55D38B0059D609 /* Localizable.strings */ = {
			isa = PBXVariantGroup;
			children = (
				F96D18582A55D38B0059D609 /* en */,
			);
			name = Localizable.strings;
			sourceTree = "<group>";
		};
/* End PBXVariantGroup section */

/* Begin XCBuildConfiguration section */
		F9AB78DE291967E3005F4FF2 /* Debug */ = {
			isa = XCBuildConfiguration;
			buildSettings = {
				ALWAYS_SEARCH_USER_PATHS = NO;
				CLANG_ANALYZER_NONNULL = YES;
				CLANG_ANALYZER_NUMBER_OBJECT_CONVERSION = YES_AGGRESSIVE;
				CLANG_CXX_LANGUAGE_STANDARD = "gnu++20";
				CLANG_ENABLE_MODULES = YES;
				CLANG_ENABLE_OBJC_ARC = YES;
				CLANG_ENABLE_OBJC_WEAK = YES;
				CLANG_WARN_BLOCK_CAPTURE_AUTORELEASING = YES;
				CLANG_WARN_BOOL_CONVERSION = YES;
				CLANG_WARN_COMMA = YES;
				CLANG_WARN_CONSTANT_CONVERSION = YES;
				CLANG_WARN_DEPRECATED_OBJC_IMPLEMENTATIONS = YES;
				CLANG_WARN_DIRECT_OBJC_ISA_USAGE = YES_ERROR;
				CLANG_WARN_DOCUMENTATION_COMMENTS = YES;
				CLANG_WARN_EMPTY_BODY = YES;
				CLANG_WARN_ENUM_CONVERSION = YES;
				CLANG_WARN_INFINITE_RECURSION = YES;
				CLANG_WARN_INT_CONVERSION = YES;
				CLANG_WARN_NON_LITERAL_NULL_CONVERSION = YES;
				CLANG_WARN_OBJC_IMPLICIT_RETAIN_SELF = YES;
				CLANG_WARN_OBJC_LITERAL_CONVERSION = YES;
				CLANG_WARN_OBJC_ROOT_CLASS = YES_ERROR;
				CLANG_WARN_QUOTED_INCLUDE_IN_FRAMEWORK_HEADER = YES;
				CLANG_WARN_RANGE_LOOP_ANALYSIS = YES;
				CLANG_WARN_STRICT_PROTOTYPES = YES;
				CLANG_WARN_SUSPICIOUS_MOVE = YES;
				CLANG_WARN_UNGUARDED_AVAILABILITY = YES_AGGRESSIVE;
				CLANG_WARN_UNREACHABLE_CODE = YES;
				CLANG_WARN__DUPLICATE_METHOD_MATCH = YES;
				COPY_PHASE_STRIP = NO;
				DEBUG_INFORMATION_FORMAT = dwarf;
				ENABLE_STRICT_OBJC_MSGSEND = YES;
				ENABLE_TESTABILITY = YES;
				GCC_C_LANGUAGE_STANDARD = gnu11;
				GCC_DYNAMIC_NO_PIC = NO;
				GCC_NO_COMMON_BLOCKS = YES;
				GCC_OPTIMIZATION_LEVEL = 0;
				GCC_PREPROCESSOR_DEFINITIONS = (
					"DEBUG=1",
					"$(inherited)",
				);
				GCC_WARN_64_TO_32_BIT_CONVERSION = YES;
				GCC_WARN_ABOUT_RETURN_TYPE = YES_ERROR;
				GCC_WARN_UNDECLARED_SELECTOR = YES;
				GCC_WARN_UNINITIALIZED_AUTOS = YES_AGGRESSIVE;
				GCC_WARN_UNUSED_FUNCTION = YES;
				GCC_WARN_UNUSED_VARIABLE = YES;
				IPHONEOS_DEPLOYMENT_TARGET = 16.1;
				MTL_ENABLE_DEBUG_INFO = INCLUDE_SOURCE;
				MTL_FAST_MATH = YES;
				ONLY_ACTIVE_ARCH = YES;
				SDKROOT = iphoneos;
				SWIFT_ACTIVE_COMPILATION_CONDITIONS = DEBUG;
				SWIFT_OPTIMIZATION_LEVEL = "-Onone";
			};
			name = Debug;
		};
		F9AB78DF291967E3005F4FF2 /* Release */ = {
			isa = XCBuildConfiguration;
			buildSettings = {
				ALWAYS_SEARCH_USER_PATHS = NO;
				CLANG_ANALYZER_NONNULL = YES;
				CLANG_ANALYZER_NUMBER_OBJECT_CONVERSION = YES_AGGRESSIVE;
				CLANG_CXX_LANGUAGE_STANDARD = "gnu++20";
				CLANG_ENABLE_MODULES = YES;
				CLANG_ENABLE_OBJC_ARC = YES;
				CLANG_ENABLE_OBJC_WEAK = YES;
				CLANG_WARN_BLOCK_CAPTURE_AUTORELEASING = YES;
				CLANG_WARN_BOOL_CONVERSION = YES;
				CLANG_WARN_COMMA = YES;
				CLANG_WARN_CONSTANT_CONVERSION = YES;
				CLANG_WARN_DEPRECATED_OBJC_IMPLEMENTATIONS = YES;
				CLANG_WARN_DIRECT_OBJC_ISA_USAGE = YES_ERROR;
				CLANG_WARN_DOCUMENTATION_COMMENTS = YES;
				CLANG_WARN_EMPTY_BODY = YES;
				CLANG_WARN_ENUM_CONVERSION = YES;
				CLANG_WARN_INFINITE_RECURSION = YES;
				CLANG_WARN_INT_CONVERSION = YES;
				CLANG_WARN_NON_LITERAL_NULL_CONVERSION = YES;
				CLANG_WARN_OBJC_IMPLICIT_RETAIN_SELF = YES;
				CLANG_WARN_OBJC_LITERAL_CONVERSION = YES;
				CLANG_WARN_OBJC_ROOT_CLASS = YES_ERROR;
				CLANG_WARN_QUOTED_INCLUDE_IN_FRAMEWORK_HEADER = YES;
				CLANG_WARN_RANGE_LOOP_ANALYSIS = YES;
				CLANG_WARN_STRICT_PROTOTYPES = YES;
				CLANG_WARN_SUSPICIOUS_MOVE = YES;
				CLANG_WARN_UNGUARDED_AVAILABILITY = YES_AGGRESSIVE;
				CLANG_WARN_UNREACHABLE_CODE = YES;
				CLANG_WARN__DUPLICATE_METHOD_MATCH = YES;
				COPY_PHASE_STRIP = NO;
				DEBUG_INFORMATION_FORMAT = "dwarf-with-dsym";
				ENABLE_NS_ASSERTIONS = NO;
				ENABLE_STRICT_OBJC_MSGSEND = YES;
				GCC_C_LANGUAGE_STANDARD = gnu11;
				GCC_NO_COMMON_BLOCKS = YES;
				GCC_WARN_64_TO_32_BIT_CONVERSION = YES;
				GCC_WARN_ABOUT_RETURN_TYPE = YES_ERROR;
				GCC_WARN_UNDECLARED_SELECTOR = YES;
				GCC_WARN_UNINITIALIZED_AUTOS = YES_AGGRESSIVE;
				GCC_WARN_UNUSED_FUNCTION = YES;
				GCC_WARN_UNUSED_VARIABLE = YES;
				IPHONEOS_DEPLOYMENT_TARGET = 16.1;
				MTL_ENABLE_DEBUG_INFO = NO;
				MTL_FAST_MATH = YES;
				SDKROOT = iphoneos;
				SWIFT_COMPILATION_MODE = wholemodule;
				SWIFT_OPTIMIZATION_LEVEL = "-O";
				VALIDATE_PRODUCT = YES;
			};
			name = Release;
		};
		F9AB78E1291967E3005F4FF2 /* Debug */ = {
			isa = XCBuildConfiguration;
			baseConfigurationReference = D1540025C6E9C1E8C8C7705E /* Pods-Car Rental App.debug.xcconfig */;
			buildSettings = {
				ASSETCATALOG_COMPILER_APPICON_NAME = AppIcon;
				ASSETCATALOG_COMPILER_GLOBAL_ACCENT_COLOR_NAME = AccentColor;
				CODE_SIGN_STYLE = Automatic;
				CURRENT_PROJECT_VERSION = 1;
				DEVELOPMENT_ASSET_PATHS = "\"Car Rental App/Preview Content\"";
				DEVELOPMENT_TEAM = 57U93JGY95;
				ENABLE_PREVIEWS = YES;
				GENERATE_INFOPLIST_FILE = YES;
				INFOPLIST_FILE = "Car-Rental-App-Info.plist";
				INFOPLIST_KEY_CFBundleDisplayName = TIIRA;
				INFOPLIST_KEY_LSApplicationCategoryType = "public.app-category.business";
				INFOPLIST_KEY_NSLocationAlwaysUsageDescription = "";
				INFOPLIST_KEY_NSLocationWhenInUseUsageDescription = "";
				INFOPLIST_KEY_UIApplicationSceneManifest_Generation = YES;
				INFOPLIST_KEY_UIApplicationSupportsIndirectInputEvents = YES;
				INFOPLIST_KEY_UISupportedInterfaceOrientations_iPad = "UIInterfaceOrientationPortrait UIInterfaceOrientationPortraitUpsideDown UIInterfaceOrientationLandscapeLeft UIInterfaceOrientationLandscapeRight";
				INFOPLIST_KEY_UISupportedInterfaceOrientations_iPhone = "UIInterfaceOrientationPortrait UIInterfaceOrientationLandscapeLeft UIInterfaceOrientationLandscapeRight";
				IPHONEOS_DEPLOYMENT_TARGET = 15.0;
				LD_RUNPATH_SEARCH_PATHS = (
					"$(inherited)",
					"@executable_path/Frameworks",
				);
				MARKETING_VERSION = 1.0;
				PRODUCT_BUNDLE_IDENTIFIER = "xanh.Car-Rental-App";
				PRODUCT_NAME = "$(TARGET_NAME)";
				SUPPORTED_PLATFORMS = "iphoneos iphonesimulator";
				SUPPORTS_MACCATALYST = NO;
				SUPPORTS_MAC_DESIGNED_FOR_IPHONE_IPAD = NO;
				SWIFT_EMIT_LOC_STRINGS = YES;
				SWIFT_VERSION = 5.0;
				TARGETED_DEVICE_FAMILY = 1;
			};
			name = Debug;
		};
		F9AB78E2291967E3005F4FF2 /* Release */ = {
			isa = XCBuildConfiguration;
			baseConfigurationReference = 7DB082E3A563617B5D64AE02 /* Pods-Car Rental App.release.xcconfig */;
			buildSettings = {
				ASSETCATALOG_COMPILER_APPICON_NAME = AppIcon;
				ASSETCATALOG_COMPILER_GLOBAL_ACCENT_COLOR_NAME = AccentColor;
				CODE_SIGN_STYLE = Automatic;
				CURRENT_PROJECT_VERSION = 1;
				DEVELOPMENT_ASSET_PATHS = "\"Car Rental App/Preview Content\"";
				DEVELOPMENT_TEAM = 57U93JGY95;
				ENABLE_PREVIEWS = YES;
				GENERATE_INFOPLIST_FILE = YES;
				INFOPLIST_FILE = "Car-Rental-App-Info.plist";
				INFOPLIST_KEY_CFBundleDisplayName = TIIRA;
				INFOPLIST_KEY_LSApplicationCategoryType = "public.app-category.business";
				INFOPLIST_KEY_NSLocationAlwaysUsageDescription = "";
				INFOPLIST_KEY_NSLocationWhenInUseUsageDescription = "";
				INFOPLIST_KEY_UIApplicationSceneManifest_Generation = YES;
				INFOPLIST_KEY_UIApplicationSupportsIndirectInputEvents = YES;
				INFOPLIST_KEY_UISupportedInterfaceOrientations_iPad = "UIInterfaceOrientationPortrait UIInterfaceOrientationPortraitUpsideDown UIInterfaceOrientationLandscapeLeft UIInterfaceOrientationLandscapeRight";
				INFOPLIST_KEY_UISupportedInterfaceOrientations_iPhone = "UIInterfaceOrientationPortrait UIInterfaceOrientationLandscapeLeft UIInterfaceOrientationLandscapeRight";
				IPHONEOS_DEPLOYMENT_TARGET = 15.0;
				LD_RUNPATH_SEARCH_PATHS = (
					"$(inherited)",
					"@executable_path/Frameworks",
				);
				MARKETING_VERSION = 1.0;
				PRODUCT_BUNDLE_IDENTIFIER = "xanh.Car-Rental-App";
				PRODUCT_NAME = "$(TARGET_NAME)";
				SUPPORTED_PLATFORMS = "iphoneos iphonesimulator";
				SUPPORTS_MACCATALYST = NO;
				SUPPORTS_MAC_DESIGNED_FOR_IPHONE_IPAD = NO;
				SWIFT_EMIT_LOC_STRINGS = YES;
				SWIFT_VERSION = 5.0;
				TARGETED_DEVICE_FAMILY = 1;
			};
			name = Release;
		};
/* End XCBuildConfiguration section */

/* Begin XCConfigurationList section */
		F9AB78CD291967E2005F4FF2 /* Build configuration list for PBXProject "Car Rental App" */ = {
			isa = XCConfigurationList;
			buildConfigurations = (
				F9AB78DE291967E3005F4FF2 /* Debug */,
				F9AB78DF291967E3005F4FF2 /* Release */,
			);
			defaultConfigurationIsVisible = 0;
			defaultConfigurationName = Release;
		};
		F9AB78E0291967E3005F4FF2 /* Build configuration list for PBXNativeTarget "Car Rental App" */ = {
			isa = XCConfigurationList;
			buildConfigurations = (
				F9AB78E1291967E3005F4FF2 /* Debug */,
				F9AB78E2291967E3005F4FF2 /* Release */,
			);
			defaultConfigurationIsVisible = 0;
			defaultConfigurationName = Release;
		};
/* End XCConfigurationList section */

/* Begin XCRemoteSwiftPackageReference section */
		F93818D52AE3E76300528B4F /* XCRemoteSwiftPackageReference "SDWebImageSwiftUI" */ = {
			isa = XCRemoteSwiftPackageReference;
			repositoryURL = "https://github.com/SDWebImage/SDWebImageSwiftUI";
			requirement = {
				kind = exactVersion;
				version = 2.2.4;
			};
		};
		F9FF9CED2A5DCAA1006F95CC /* XCRemoteSwiftPackageReference "firebase-ios-sdk" */ = {
			isa = XCRemoteSwiftPackageReference;
			repositoryURL = "https://github.com/firebase/firebase-ios-sdk.git";
			requirement = {
				kind = upToNextMajorVersion;
				minimumVersion = 10.0.0;
			};
		};
/* End XCRemoteSwiftPackageReference section */

/* Begin XCSwiftPackageProductDependency section */
		F93818D62AE3E76300528B4F /* SDWebImageSwiftUI */ = {
			isa = XCSwiftPackageProductDependency;
			package = F93818D52AE3E76300528B4F /* XCRemoteSwiftPackageReference "SDWebImageSwiftUI" */;
			productName = SDWebImageSwiftUI;
		};
		F9FF9CEE2A5DCAA1006F95CC /* FirebaseAuth */ = {
			isa = XCSwiftPackageProductDependency;
			package = F9FF9CED2A5DCAA1006F95CC /* XCRemoteSwiftPackageReference "firebase-ios-sdk" */;
			productName = FirebaseAuth;
		};
		F9FF9CF02A5DCAA1006F95CC /* FirebaseAuthCombine-Community */ = {
			isa = XCSwiftPackageProductDependency;
			package = F9FF9CED2A5DCAA1006F95CC /* XCRemoteSwiftPackageReference "firebase-ios-sdk" */;
			productName = "FirebaseAuthCombine-Community";
		};
		F9FF9CF22A5DCAA1006F95CC /* FirebaseDatabase */ = {
			isa = XCSwiftPackageProductDependency;
			package = F9FF9CED2A5DCAA1006F95CC /* XCRemoteSwiftPackageReference "firebase-ios-sdk" */;
			productName = FirebaseDatabase;
		};
		F9FF9CF42A5DCAA1006F95CC /* FirebaseFirestore */ = {
			isa = XCSwiftPackageProductDependency;
			package = F9FF9CED2A5DCAA1006F95CC /* XCRemoteSwiftPackageReference "firebase-ios-sdk" */;
			productName = FirebaseFirestore;
		};
		F9FF9CF62A5DCAA1006F95CC /* FirebaseFirestoreCombine-Community */ = {
			isa = XCSwiftPackageProductDependency;
			package = F9FF9CED2A5DCAA1006F95CC /* XCRemoteSwiftPackageReference "firebase-ios-sdk" */;
			productName = "FirebaseFirestoreCombine-Community";
		};
		F9FF9CF82A5DCAA1006F95CC /* FirebaseFirestoreSwift */ = {
			isa = XCSwiftPackageProductDependency;
			package = F9FF9CED2A5DCAA1006F95CC /* XCRemoteSwiftPackageReference "firebase-ios-sdk" */;
			productName = FirebaseFirestoreSwift;
		};
/* End XCSwiftPackageProductDependency section */
	};
	rootObject = F9AB78CA291967E2005F4FF2 /* Project object */;
}
